# This file is @generated by PDM.
# It is not intended for manual editing.

[[package]]
name = "aioconsole"
version = "0.4.1"
requires_python = ">=3.7"
summary = "Asynchronous console and interfaces for asyncio"

[[package]]
name = "beautifulsoup4"
version = "4.12.2"
requires_python = ">=3.6.0"
summary = "Screen-scraping library"
dependencies = [
    "soupsieve>1.2",
]

[[package]]
name = "certifi"
version = "2021.10.8"
summary = "Python package for providing Mozilla's CA Bundle."

[[package]]
name = "charset-normalizer"
version = "2.0.12"
requires_python = ">=3.5.0"
summary = "The Real First Universal Charset Detector. Open, modern and actively maintained alternative to Chardet."

[[package]]
name = "colorama"
version = "0.4.4"
requires_python = ">=2.7, !=3.0.*, !=3.1.*, !=3.2.*, !=3.3.*, !=3.4.*"
summary = "Cross-platform colored terminal text."

[[package]]
name = "idna"
version = "3.3"
requires_python = ">=3.5"
summary = "Internationalized Domain Names in Applications (IDNA)"

[[package]]
name = "pillow"
version = "9.1.1"
requires_python = ">=3.7"
summary = "Python Imaging Library (Fork)"

[[package]]
name = "python-dotenv"
version = "0.20.0"
requires_python = ">=3.5"
summary = "Read key-value pairs from a .env file and set them as environment variables"

[[package]]
name = "requests"
version = "2.27.1"
requires_python = ">=2.7, !=3.0.*, !=3.1.*, !=3.2.*, !=3.3.*, !=3.4.*, !=3.5.*"
summary = "Python HTTP for Humans."
dependencies = [
    "certifi>=2017.4.17",
    "charset-normalizer~=2.0.0; python_version >= \"3\"",
    "idna<4,>=2.5; python_version >= \"3\"",
    "urllib3<1.27,>=1.21.1",
]

[[package]]
name = "soupsieve"
version = "2.4.1"
requires_python = ">=3.7"
summary = "A modern CSS selector implementation for Beautiful Soup."

[[package]]
name = "urllib3"
version = "1.26.9"
requires_python = ">=2.7, !=3.0.*, !=3.1.*, !=3.2.*, !=3.3.*, !=3.4.*, <4"
summary = "HTTP library with thread-safe connection pooling, file post, and more."

[[package]]
name = "websocket-client"
version = "1.3.3"
requires_python = ">=3.7"
summary = "WebSocket client for Python with low level API options"

[[package]]
name = "websockets"
version = "10.4"
requires_python = ">=3.7"
summary = "An implementation of the WebSocket Protocol (RFC 6455 & 7692)"

[metadata]
lock_version = "4.2"
cross_platform = true
groups = ["default"]
content_hash = "sha256:3be6067ea39b0f54af09553ad37a15c6e223ed7977b5b9c24ed55bdff74abd0d"

[metadata.files]
"aioconsole 0.4.1" = [
    {url = "https://files.pythonhosted.org/packages/c5/16/a9de89d859eeaa0f9fdf5675a97ea1416265e1ebc039c7b9ea2c9e5433ac/aioconsole-0.4.1.tar.gz", hash = "sha256:0c0acb66b4e72d6606c9fa14ac9eb001a222c37c885b8fbdf65f41824cfa855f"},
]
"beautifulsoup4 4.12.2" = [
    {url = "https://files.pythonhosted.org/packages/57/f4/a69c20ee4f660081a7dedb1ac57f29be9378e04edfcb90c526b923d4bebc/beautifulsoup4-4.12.2-py3-none-any.whl", hash = "sha256:bd2520ca0d9d7d12694a53d44ac482d181b4ec1888909b035a3dbf40d0f57d4a"},
    {url = "https://files.pythonhosted.org/packages/af/0b/44c39cf3b18a9280950ad63a579ce395dda4c32193ee9da7ff0aed547094/beautifulsoup4-4.12.2.tar.gz", hash = "sha256:492bbc69dca35d12daac71c4db1bfff0c876c00ef4a2ffacce226d4638eb72da"},
]
"certifi 2021.10.8" = [
    {url = "https://files.pythonhosted.org/packages/37/45/946c02767aabb873146011e665728b680884cd8fe70dde973c640e45b775/certifi-2021.10.8-py2.py3-none-any.whl", hash = "sha256:d62a0163eb4c2344ac042ab2bdf75399a71a2d8c7d47eac2e2ee91b9d6339569"},
    {url = "https://files.pythonhosted.org/packages/6c/ae/d26450834f0acc9e3d1f74508da6df1551ceab6c2ce0766a593362d6d57f/certifi-2021.10.8.tar.gz", hash = "sha256:78884e7c1d4b00ce3cea67b44566851c4343c120abd683433ce934a68ea58872"},
]
"charset-normalizer 2.0.12" = [
    {url = "https://files.pythonhosted.org/packages/06/b3/24afc8868eba069a7f03650ac750a778862dc34941a4bebeb58706715726/charset_normalizer-2.0.12-py3-none-any.whl", hash = "sha256:6881edbebdb17b39b4eaaa821b438bf6eddffb4468cf344f09f89def34a8b1df"},
    {url = "https://files.pythonhosted.org/packages/56/31/7bcaf657fafb3c6db8c787a865434290b726653c912085fbd371e9b92e1c/charset-normalizer-2.0.12.tar.gz", hash = "sha256:2857e29ff0d34db842cd7ca3230549d1a697f96ee6d3fb071cfa6c7393832597"},
]
"colorama 0.4.4" = [
    {url = "https://files.pythonhosted.org/packages/1f/bb/5d3246097ab77fa083a61bd8d3d527b7ae063c7d8e8671b1cf8c4ec10cbe/colorama-0.4.4.tar.gz", hash = "sha256:5941b2b48a20143d2267e95b1c2a7603ce057ee39fd88e7329b0c292aa16869b"},
    {url = "https://files.pythonhosted.org/packages/44/98/5b86278fbbf250d239ae0ecb724f8572af1c91f4a11edf4d36a206189440/colorama-0.4.4-py2.py3-none-any.whl", hash = "sha256:9f47eda37229f68eee03b24b9748937c7dc3868f906e8ba69fbcbdd3bc5dc3e2"},
]
"idna 3.3" = [
    {url = "https://files.pythonhosted.org/packages/04/a2/d918dcd22354d8958fe113e1a3630137e0fc8b44859ade3063982eacd2a4/idna-3.3-py3-none-any.whl", hash = "sha256:84d9dd047ffa80596e0f246e2eab0b391788b0503584e8945f2368256d2735ff"},
    {url = "https://files.pythonhosted.org/packages/62/08/e3fc7c8161090f742f504f40b1bccbfc544d4a4e09eb774bf40aafce5436/idna-3.3.tar.gz", hash = "sha256:9d643ff0a55b762d5cdb124b8eaa99c66322e2157b69160bc32796e824360e6d"},
]
"pillow 9.1.1" = [
    {url = "https://files.pythonhosted.org/packages/06/65/d4894fc98da3b16ec573b77baeda91041740fe5a90dadc69da16819c6ca0/Pillow-9.1.1-cp38-cp38-manylinux_2_17_aarch64.manylinux2014_aarch64.whl", hash = "sha256:20d514c989fa28e73a5adbddd7a171afa5824710d0ab06d4e1234195d2a2e546"},
    {url = "https://files.pythonhosted.org/packages/06/ce/046aa0ef8bd47b831bd6f83150920824edc2bef467da344b043d4b8bc911/Pillow-9.1.1-cp39-cp39-macosx_10_10_x86_64.whl", hash = "sha256:c17770a62a71718a74b7548098a74cd6880be16bcfff5f937f900ead90ca8e92"},
    {url = "https://files.pythonhosted.org/packages/0a/f8/f4a5e9c5f35fbb2e3bfd9b9596d0937e8242ae14ae4172da12dd770c7bdc/Pillow-9.1.1-cp310-cp310-win_amd64.whl", hash = "sha256:5b650dbbc0969a4e226d98a0b440c2f07a850896aed9266b6fedc0f7e7834108"},
    {url = "https://files.pythonhosted.org/packages/11/60/405ca2aaa96c1a6a163c24e1c7dcc043d35307443bd36b78a27c9e6bab83/Pillow-9.1.1-cp37-cp37m-win_amd64.whl", hash = "sha256:1d4331aeb12f6b3791911a6da82de72257a99ad99726ed6b63f481c0184b6fb9"},
    {url = "https://files.pythonhosted.org/packages/12/55/222713969e751ddaef74a3f2fe7138cdbbf68b3702e587c00ce476e33175/Pillow-9.1.1-cp39-cp39-manylinux_2_17_i686.manylinux2014_i686.whl", hash = "sha256:09e67ef6e430f90caa093528bd758b0616f8165e57ed8d8ce014ae32df6a831d"},
    {url = "https://files.pythonhosted.org/packages/12/8e/ae0a7bad43a812e86cfb6b76e9bfd9ca469cd62253857c23eb1c4bcf6675/Pillow-9.1.1-cp310-cp310-macosx_10_10_x86_64.whl", hash = "sha256:42dfefbef90eb67c10c45a73a9bc1599d4dac920f7dfcbf4ec6b80cb620757fe"},
    {url = "https://files.pythonhosted.org/packages/23/59/b41443301d5561e7e841c6441420944f6358bce5d63abe17677e7b7e1872/Pillow-9.1.1-cp38-cp38-macosx_10_10_x86_64.whl", hash = "sha256:8844217cdf66eabe39567118f229e275f0727e9195635a15e0e4b9227458daaf"},
    {url = "https://files.pythonhosted.org/packages/43/6e/59853546226ee6200f9ba6e574d11604b60ad0754d2cbd1c8f3246b70418/Pillow-9.1.1.tar.gz", hash = "sha256:7502539939b53d7565f3d11d87c78e7ec900d3c72945d4ee0e2f250d598309a0"},
    {url = "https://files.pythonhosted.org/packages/44/2e/6386b5deb95e09083c9370dee6008300440b778eda3f8ee6e652291a421c/Pillow-9.1.1-cp39-cp39-manylinux_2_17_aarch64.manylinux2014_aarch64.whl", hash = "sha256:f372d0f08eff1475ef426344efe42493f71f377ec52237bf153c5713de987251"},
    {url = "https://files.pythonhosted.org/packages/51/b6/1eabeaa1ead7e23339e0935ff7136da343695f2537ca385ba25f005739cc/Pillow-9.1.1-cp38-cp38-musllinux_1_1_x86_64.whl", hash = "sha256:3f6c1716c473ebd1649663bf3b42702d0d53e27af8b64642be0dd3598c761fb1"},
    {url = "https://files.pythonhosted.org/packages/52/8d/d8be643c387a55b430eb0f67c01a23ec648fea5a8ac3960453d0b65fe08e/Pillow-9.1.1-cp37-cp37m-manylinux_2_17_aarch64.manylinux2014_aarch64.whl", hash = "sha256:9370d6744d379f2de5d7fa95cdbd3a4d92f0b0ef29609b4b1687f16bc197063d"},
    {url = "https://files.pythonhosted.org/packages/59/d0/eb666c55b685419103023f62519dbc968a008e268ec243c56f3214f1da45/Pillow-9.1.1-cp39-cp39-manylinux_2_17_x86_64.manylinux2014_x86_64.whl", hash = "sha256:66daa16952d5bf0c9d5389c5e9df562922a59bd16d77e2a276e575d32e38afd1"},
    {url = "https://files.pythonhosted.org/packages/5c/39/540ef07b9a654145cb212c431545908259c2f2244b49beaae7f6935929dd/Pillow-9.1.1-pp37-pypy37_pp73-macosx_10_10_x86_64.whl", hash = "sha256:769a7f131a2f43752455cc72f9f7a093c3ff3856bf976c5fb53a59d0ccc704f6"},
    {url = "https://files.pythonhosted.org/packages/62/c9/13cfb26fde017ddde099201756918eb13d9e449ab6a52b6d0a455ea54786/Pillow-9.1.1-cp310-cp310-manylinux_2_17_i686.manylinux2014_i686.whl", hash = "sha256:59789a7d06c742e9d13b883d5e3569188c16acb02eeed2510fd3bfdbc1bd1530"},
    {url = "https://files.pythonhosted.org/packages/69/99/94a4b94000e40cef9b260fc405ab67114e1a28c704141267b5dd95bfbd68/Pillow-9.1.1-cp38-cp38-manylinux_2_17_i686.manylinux2014_i686.whl", hash = "sha256:088df396b047477dd1bbc7de6e22f58400dae2f21310d9e2ec2933b2ef7dfa4f"},
    {url = "https://files.pythonhosted.org/packages/6b/17/7cea503e51295a546b5cb1339bcd58788045e5166705936d836a4713a08a/Pillow-9.1.1-cp37-cp37m-macosx_10_10_x86_64.whl", hash = "sha256:0b4d5ad2cd3a1f0d1df882d926b37dbb2ab6c823ae21d041b46910c8f8cd844b"},
    {url = "https://files.pythonhosted.org/packages/6d/71/48a305d2c1e5a0a6805fcb6a6bcb328d61cbd64b6211289d379fbca18ae0/Pillow-9.1.1-cp39-cp39-musllinux_1_1_x86_64.whl", hash = "sha256:d78ca526a559fb84faaaf84da2dd4addef5edb109db8b81677c0bb1aad342601"},
    {url = "https://files.pythonhosted.org/packages/71/54/bc24063ddb7ebb0962db41167971737f52351628907cf5c846f87d3501fc/Pillow-9.1.1-cp38-cp38-win_amd64.whl", hash = "sha256:f054b020c4d7e9786ae0404278ea318768eb123403b18453e28e47cdb7a0a4bf"},
    {url = "https://files.pythonhosted.org/packages/71/f0/baa9f60209f2f998a88a591ad5ea714555238e65b8fa8661e3015980a5a2/Pillow-9.1.1-pp37-pypy37_pp73-manylinux_2_17_x86_64.manylinux2014_x86_64.whl", hash = "sha256:0b525a356680022b0af53385944026d3486fc8c013638cf9900eb87c866afb4c"},
    {url = "https://files.pythonhosted.org/packages/72/5a/246225a093673c1de4f1e261d9c4ed9e42fa765471ce8e0a1c9b892328ab/Pillow-9.1.1-pp38-pypy38_pp73-manylinux_2_17_i686.manylinux2014_i686.whl", hash = "sha256:a4165205a13b16a29e1ac57efeee6be2dfd5b5408122d59ef2145bc3239fa340"},
    {url = "https://files.pythonhosted.org/packages/80/6c/43fe3a98357b72f251400102387bb7e37cb72c9d4c50963e716660a9cc34/Pillow-9.1.1-cp37-cp37m-win32.whl", hash = "sha256:2b291cab8a888658d72b575a03e340509b6b050b62db1f5539dd5cd18fd50578"},
    {url = "https://files.pythonhosted.org/packages/82/57/b6d336373c6f3e2cc55418096d4d9a8c499ce11710e45fe394a99ba363da/Pillow-9.1.1-cp310-cp310-macosx_11_0_arm64.whl", hash = "sha256:ffde4c6fabb52891d81606411cbfaf77756e3b561b566efd270b3ed3791fde4e"},
    {url = "https://files.pythonhosted.org/packages/96/82/0cbf62676f9d64dd0e73e1667ec6cc189bd52051ee85558081167010fdfa/Pillow-9.1.1-cp37-cp37m-manylinux_2_17_x86_64.manylinux2014_x86_64.whl", hash = "sha256:8a66fe50386162df2da701b3722781cbe90ce043e7d53c1fd6bd801bca6b48d4"},
    {url = "https://files.pythonhosted.org/packages/98/8b/84fa192f1962bb7c3fedb62c288aaa7395535e5fdb2c07495e5a7ac39289/Pillow-9.1.1-pp37-pypy37_pp73-manylinux_2_17_i686.manylinux2014_i686.whl", hash = "sha256:488f3383cf5159907d48d32957ac6f9ea85ccdcc296c14eca1a4e396ecc32098"},
    {url = "https://files.pythonhosted.org/packages/9e/a0/d00abe53d9a5df8e39ba907a22a981858e626f6a1d03f64d5cc7891674ab/Pillow-9.1.1-cp38-cp38-macosx_11_0_arm64.whl", hash = "sha256:b6617221ff08fbd3b7a811950b5c3f9367f6e941b86259843eab77c8e3d2b56b"},
    {url = "https://files.pythonhosted.org/packages/a3/51/ea18862c6a1d8a34aeee643545b6b69bbaff67a1430360d2081833526504/Pillow-9.1.1-cp38-cp38-manylinux_2_17_x86_64.manylinux2014_x86_64.whl", hash = "sha256:53c27bd452e0f1bc4bfed07ceb235663a1df7c74df08e37fd6b03eb89454946a"},
    {url = "https://files.pythonhosted.org/packages/ad/34/4fa50501ca9a119b8d7a74732e603b4c68d56e8057a024075c3a6aa11c94/Pillow-9.1.1-cp37-cp37m-manylinux_2_17_i686.manylinux2014_i686.whl", hash = "sha256:b761727ed7d593e49671d1827044b942dd2f4caae6e51bab144d4accf8244a84"},
    {url = "https://files.pythonhosted.org/packages/b0/ae/3974e657120d25dd5291b7a4c5212d9a1657f6d9a99f086a3332f8336b04/Pillow-9.1.1-pp38-pypy38_pp73-manylinux_2_17_x86_64.manylinux2014_x86_64.whl", hash = "sha256:937a54e5694684f74dcbf6e24cc453bfc5b33940216ddd8f4cd8f0f79167f765"},
    {url = "https://files.pythonhosted.org/packages/b6/9e/03d75eee28bb6413f5dd170d480a4ab306ee7c7368e97eac02dea62ae3be/Pillow-9.1.1-pp38-pypy38_pp73-win_amd64.whl", hash = "sha256:baf3be0b9446a4083cc0c5bb9f9c964034be5374b5bc09757be89f5d2fa247b8"},
    {url = "https://files.pythonhosted.org/packages/cc/d9/5d0c2a0146fe68781a1920fa2a68d81bc55de38bed50beb8bf2493e0c7c1/Pillow-9.1.1-cp39-cp39-win_amd64.whl", hash = "sha256:7c150dbbb4a94ea4825d1e5f2c5501af7141ea95825fadd7829f9b11c97aaf6c"},
    {url = "https://files.pythonhosted.org/packages/ce/3a/3045f6bd678a6676ec84f029f34da3bba13cfc566d29b08e39a228dc2195/Pillow-9.1.1-cp39-cp39-win32.whl", hash = "sha256:55e74faf8359ddda43fee01bffbc5bd99d96ea508d8a08c527099e84eb708f45"},
    {url = "https://files.pythonhosted.org/packages/d4/b1/fd59075b9ab0df54d25d1276916188e76350a6bcc6244eabe0b24ab8e7ad/Pillow-9.1.1-cp310-cp310-manylinux_2_17_aarch64.manylinux2014_aarch64.whl", hash = "sha256:9c857532c719fb30fafabd2371ce9b7031812ff3889d75273827633bca0c4602"},
    {url = "https://files.pythonhosted.org/packages/d5/ef/0ff8cec49691fbe7fcab97932d373257e52c03d9f664de53faf847b436d7/Pillow-9.1.1-cp38-cp38-win32.whl", hash = "sha256:c67db410508b9de9c4694c57ed754b65a460e4812126e87f5052ecf23a011a54"},
    {url = "https://files.pythonhosted.org/packages/df/b7/85d15a3860961fa74bc5f3eef8854226ab6356c70ff155b43be6f6ba7349/Pillow-9.1.1-cp39-cp39-macosx_11_0_arm64.whl", hash = "sha256:f3f6a6034140e9e17e9abc175fc7a266a6e63652028e157750bd98e804a8ed9a"},
    {url = "https://files.pythonhosted.org/packages/ea/b9/a6de0fcd81760d8d52ff9054cd84ba5eb75c2cf5043e3b4fad9119ebf9d9/Pillow-9.1.1-cp310-cp310-manylinux_2_17_x86_64.manylinux2014_x86_64.whl", hash = "sha256:4d45dbe4b21a9679c3e8b3f7f4f42a45a7d3ddff8a4a16109dff0e1da30a35b2"},
    {url = "https://files.pythonhosted.org/packages/f3/93/97d83b100e660431028411d4c459c2c10f528e4257df9f9bb03a0a55adac/Pillow-9.1.1-cp310-cp310-musllinux_1_1_x86_64.whl", hash = "sha256:e9ed59d1b6ee837f4515b9584f3d26cf0388b742a11ecdae0d9237a94505d03a"},
    {url = "https://files.pythonhosted.org/packages/f9/82/086062194530858eed1d4b35e7f824d5891ad54fd46662199e65ae4d4f6f/Pillow-9.1.1-cp310-cp310-win32.whl", hash = "sha256:b3fe2ff1e1715d4475d7e2c3e8dabd7c025f4410f79513b4ff2de3d51ce0fa9c"},
    {url = "https://files.pythonhosted.org/packages/fe/ed/6ccef315991b33c93fb5a461d0e93b2813f09f7aee2171620905c1e98062/Pillow-9.1.1-pp38-pypy38_pp73-macosx_10_10_x86_64.whl", hash = "sha256:6e760cf01259a1c0a50f3c845f9cad1af30577fd8b670339b1659c6d0e7a41dd"},
]
"python-dotenv 0.20.0" = [
    {url = "https://files.pythonhosted.org/packages/02/ee/43e1c862a3e7259a1f264958eaea144f0a2fac9f175c1659c674c34ea506/python-dotenv-0.20.0.tar.gz", hash = "sha256:b7e3b04a59693c42c36f9ab1cc2acc46fa5df8c78e178fc33a8d4cd05c8d498f"},
    {url = "https://files.pythonhosted.org/packages/30/5f/2e5c564bd86349fe6b82ca840f46acf6f4bb76d79ba9057fce3d3e008864/python_dotenv-0.20.0-py3-none-any.whl", hash = "sha256:d92a187be61fe482e4fd675b6d52200e7be63a12b724abbf931a40ce4fa92938"},
]
"requests 2.27.1" = [
    {url = "https://files.pythonhosted.org/packages/2d/61/08076519c80041bc0ffa1a8af0cbd3bf3e2b62af10435d269a9d0f40564d/requests-2.27.1-py2.py3-none-any.whl", hash = "sha256:f22fa1e554c9ddfd16e6e41ac79759e17be9e492b3587efa038054674760e72d"},
    {url = "https://files.pythonhosted.org/packages/60/f3/26ff3767f099b73e0efa138a9998da67890793bfa475d8278f84a30fec77/requests-2.27.1.tar.gz", hash = "sha256:68d7c56fd5a8999887728ef304a6d12edc7be74f1cfa47714fc8b414525c9a61"},
]
"soupsieve 2.4.1" = [
    {url = "https://files.pythonhosted.org/packages/47/9e/780779233a615777fbdf75a4dee2af7a345f4bf74b42d4a5f836800b9d91/soupsieve-2.4.1.tar.gz", hash = "sha256:89d12b2d5dfcd2c9e8c22326da9d9aa9cb3dfab0a83a024f05704076ee8d35ea"},
    {url = "https://files.pythonhosted.org/packages/49/37/673d6490efc51ec46d198c75903d99de59baffdd47aea3d071b80a9e4e89/soupsieve-2.4.1-py3-none-any.whl", hash = "sha256:1c1bfee6819544a3447586c889157365a27e10d88cde3ad3da0cf0ddf646feb8"},
]
"urllib3 1.26.9" = [
    {url = "https://files.pythonhosted.org/packages/1b/a5/4eab74853625505725cefdf168f48661b2cd04e7843ab836f3f63abf81da/urllib3-1.26.9.tar.gz", hash = "sha256:aabaf16477806a5e1dd19aa41f8c2b7950dd3c746362d7e3223dbe6de6ac448e"},
    {url = "https://files.pythonhosted.org/packages/ec/03/062e6444ce4baf1eac17a6a0ebfe36bb1ad05e1df0e20b110de59c278498/urllib3-1.26.9-py2.py3-none-any.whl", hash = "sha256:44ece4d53fb1706f667c9bd1c648f5469a2ec925fcf3a776667042d645472c14"},
]
"websocket-client 1.3.3" = [
    {url = "https://files.pythonhosted.org/packages/0e/e7/e705ead133d21de4be752af4b3a0cb1f02514ff45bf165b3955c1ce22077/websocket-client-1.3.3.tar.gz", hash = "sha256:d58c5f284d6a9bf8379dab423259fe8f85b70d5fa5d2916d5791a84594b122b1"},
    {url = "https://files.pythonhosted.org/packages/67/b4/91683d7d5f66393e8877492fe4763304f82dbe308658a8db98f7a9e20baf/websocket_client-1.3.3-py3-none-any.whl", hash = "sha256:5d55652dc1d0b3c734f044337d929aaf83f4f9138816ec680c1aefefb4dc4877"},
]
"websockets 10.4" = [
    {url = "https://files.pythonhosted.org/packages/00/15/611ddaca66937f77aa5021e97c9bec61e6a30668b75db3707713b69b3b88/websockets-10.4-pp37-pypy37_pp73-macosx_10_9_x86_64.whl", hash = "sha256:82ff5e1cae4e855147fd57a2863376ed7454134c2bf49ec604dfe71e446e2193"},
    {url = "https://files.pythonhosted.org/packages/03/e2/7784912651a299a5e060656e6368946ae4c1da63f01236f7d650e8070cf8/websockets-10.4-pp38-pypy38_pp73-win_amd64.whl", hash = "sha256:b343f521b047493dc4022dd338fc6db9d9282658862756b4f6fd0e996c1380e1"},
    {url = "https://files.pythonhosted.org/packages/09/35/2b8ed52dc995507476ebbb7a91a0c5ed80fd80fa0a840f422ac25c722dbf/websockets-10.4-cp37-cp37m-musllinux_1_1_aarch64.whl", hash = "sha256:e23173580d740bf8822fd0379e4bf30aa1d5a92a4f252d34e893070c081050df"},
    {url = "https://files.pythonhosted.org/packages/0c/56/b2d373ed19b4e7b6c5c7630d598ba10473fa6131e67e69590214ab18bc09/websockets-10.4-cp310-cp310-musllinux_1_1_aarch64.whl", hash = "sha256:e0cb5cc6ece6ffa75baccfd5c02cffe776f3f5c8bf486811f9d3ea3453676ce8"},
    {url = "https://files.pythonhosted.org/packages/0c/f0/195097822f8edc4ffa355f6463a1890928577517382c0baededc760f9397/websockets-10.4-cp311-cp311-musllinux_1_1_i686.whl", hash = "sha256:fe10ddc59b304cb19a1bdf5bd0a7719cbbc9fbdd57ac80ed436b709fcf889106"},
    {url = "https://files.pythonhosted.org/packages/14/88/81c08fb3418c5aedf3776333f29443599729509a4f673d6598dd769d3d6b/websockets-10.4-cp310-cp310-macosx_10_9_universal2.whl", hash = "sha256:d58804e996d7d2307173d56c297cf7bc132c52df27a3efaac5e8d43e36c21c48"},
    {url = "https://files.pythonhosted.org/packages/17/e4/3bdc2ea97d7da70d9f184051dcd40f27c849ded517ea9bab70df677a6b23/websockets-10.4-cp38-cp38-macosx_10_9_universal2.whl", hash = "sha256:5c1289596042fad2cdceb05e1ebf7aadf9995c928e0da2b7a4e99494953b1b94"},
    {url = "https://files.pythonhosted.org/packages/19/a3/02ce75ffca3ef147cc0f44647c67acb3171b5a09910b5b9f083b5ca395a6/websockets-10.4-cp311-cp311-musllinux_1_1_x86_64.whl", hash = "sha256:90fcf8929836d4a0e964d799a58823547df5a5e9afa83081761630553be731f9"},
    {url = "https://files.pythonhosted.org/packages/1c/4b/cab8fed34c3a29d4594ff77234f6e6b45feb35331f1c12fccf92ca5486dd/websockets-10.4-cp310-cp310-manylinux_2_5_i686.manylinux1_i686.manylinux_2_17_i686.manylinux2014_i686.whl", hash = "sha256:62e627f6b6d4aed919a2052efc408da7a545c606268d5ab5bfab4432734b82b4"},
    {url = "https://files.pythonhosted.org/packages/1d/06/5ecd0434cf35f92ca9ce80e38a3ac9bf5422ace9488693c3900e2f1c7fa0/websockets-10.4-cp37-cp37m-win32.whl", hash = "sha256:8a5cc00546e0a701da4639aa0bbcb0ae2bb678c87f46da01ac2d789e1f2d2038"},
    {url = "https://files.pythonhosted.org/packages/1e/76/163a18626001465a309bf74b6aeb301d7092e304637fe00f89d7efc75c44/websockets-10.4-cp310-cp310-win_amd64.whl", hash = "sha256:8dc96f64ae43dde92530775e9cb169979f414dcf5cff670455d81a6823b42089"},
    {url = "https://files.pythonhosted.org/packages/20/7a/bd0ce7ac1cfafc76c84d6e8051bcbd0f7def8e45207230833bd6ff77a41d/websockets-10.4-cp310-cp310-macosx_11_0_arm64.whl", hash = "sha256:ba089c499e1f4155d2a3c2a05d2878a3428cf321c848f2b5a45ce55f0d7d310c"},
    {url = "https://files.pythonhosted.org/packages/25/a7/4e32f8edfc26339d8d170fe539e0b83a329c42d974dacfe07a0566390aef/websockets-10.4-cp310-cp310-manylinux_2_17_aarch64.manylinux2014_aarch64.whl", hash = "sha256:33d69ca7612f0ddff3316b0c7b33ca180d464ecac2d115805c044bf0a3b0d032"},
    {url = "https://files.pythonhosted.org/packages/27/bb/6327e8c7d4dd7d5b450b409a461be278968ce05c54da13da581ac87661db/websockets-10.4-cp311-cp311-win_amd64.whl", hash = "sha256:a7a240d7a74bf8d5cb3bfe6be7f21697a28ec4b1a437607bae08ac7acf5b4882"},
    {url = "https://files.pythonhosted.org/packages/29/33/dd88aefeabc9dddb4f48c9e15c6c2554dfb6b4cf8d8f1b4de4d12ba997de/websockets-10.4-cp38-cp38-macosx_10_9_x86_64.whl", hash = "sha256:0cff816f51fb33c26d6e2b16b5c7d48eaa31dae5488ace6aae468b361f422b63"},
    {url = "https://files.pythonhosted.org/packages/2b/cb/d394efe7b0ee6cdeffac28a1cb054e42f9f95974885ca3bcd6fceb0acde1/websockets-10.4-pp38-pypy38_pp73-manylinux_2_5_x86_64.manylinux1_x86_64.manylinux_2_17_x86_64.manylinux2014_x86_64.whl", hash = "sha256:ff64a1d38d156d429404aaa84b27305e957fd10c30e5880d1765c9480bea490f"},
    {url = "https://files.pythonhosted.org/packages/2e/dd/521f0574bed6d08ce5e0acd5893ae418c0a81ef55eb4c960aedac9cbd929/websockets-10.4-pp39-pypy39_pp73-manylinux_2_5_x86_64.manylinux1_x86_64.manylinux_2_17_x86_64.manylinux2014_x86_64.whl", hash = "sha256:b627c266f295de9dea86bd1112ed3d5fafb69a348af30a2422e16590a8ecba13"},
    {url = "https://files.pythonhosted.org/packages/33/3a/72c9d733d676447da2c89a35c694f779a9a360cff51ee0f90bb562d80cd4/websockets-10.4-cp38-cp38-musllinux_1_1_aarch64.whl", hash = "sha256:7d27a7e34c313b3a7f91adcd05134315002aaf8540d7b4f90336beafaea6217c"},
    {url = "https://files.pythonhosted.org/packages/36/8f/6dd75723ea67d54dec3a597ad781642c0febe8d51f233b95347981c0e549/websockets-10.4-cp39-cp39-musllinux_1_1_aarch64.whl", hash = "sha256:9bc42e8402dc5e9905fb8b9649f57efcb2056693b7e88faa8fb029256ba9c68c"},
    {url = "https://files.pythonhosted.org/packages/37/02/ef21ca4698c2fd950250e5ac397fd07b0c9f16bbd073d0ea64c25baef9c1/websockets-10.4-cp310-cp310-musllinux_1_1_x86_64.whl", hash = "sha256:7c584f366f46ba667cfa66020344886cf47088e79c9b9d39c84ce9ea98aaa331"},
    {url = "https://files.pythonhosted.org/packages/3e/a5/e4535867a96bb07000c54172e1be82cd0b3a95339244cac1d400f8ba9b64/websockets-10.4-cp38-cp38-manylinux_2_5_x86_64.manylinux1_x86_64.manylinux_2_17_x86_64.manylinux2014_x86_64.whl", hash = "sha256:185929b4808b36a79c65b7865783b87b6841e852ef5407a2fb0c03381092fa3b"},
    {url = "https://files.pythonhosted.org/packages/47/4d/f2e28f112302d3bc794b74ae64656255161d8223f4d47bd17d40cbb3629e/websockets-10.4-cp39-cp39-macosx_10_9_x86_64.whl", hash = "sha256:56029457f219ade1f2fc12a6504ea61e14ee227a815531f9738e41203a429112"},
    {url = "https://files.pythonhosted.org/packages/47/58/69435f1479acb56b3678905b5f2be57908a201c28465d4368d91f52cad76/websockets-10.4-cp38-cp38-macosx_11_0_arm64.whl", hash = "sha256:dd9becd5fe29773d140d68d607d66a38f60e31b86df75332703757ee645b6faf"},
    {url = "https://files.pythonhosted.org/packages/4a/39/3b6b64f775f1f4f5de6eb909d72f3f794f453730b5b3176fa5021ff334ba/websockets-10.4-pp37-pypy37_pp73-manylinux_2_5_x86_64.manylinux1_x86_64.manylinux_2_17_x86_64.manylinux2014_x86_64.whl", hash = "sha256:c9b27d6c1c6cd53dc93614967e9ce00ae7f864a2d9f99fe5ed86706e1ecbf485"},
    {url = "https://files.pythonhosted.org/packages/4d/6f/2388f9304cdaa0215b6388f837c6dbfe6d63ac1bba8c196e3b14eea1831e/websockets-10.4-cp310-cp310-manylinux_2_5_x86_64.manylinux1_x86_64.manylinux_2_17_x86_64.manylinux2014_x86_64.whl", hash = "sha256:38ea7b82bfcae927eeffc55d2ffa31665dc7fec7b8dc654506b8e5a518eb4d50"},
    {url = "https://files.pythonhosted.org/packages/4e/8b/854b3625cc5130e4af8a10a7502c2f6c16d1bd107ff009394127a2f8abb3/websockets-10.4-cp39-cp39-macosx_10_9_universal2.whl", hash = "sha256:40e826de3085721dabc7cf9bfd41682dadc02286d8cf149b3ad05bff89311e4f"},
    {url = "https://files.pythonhosted.org/packages/57/d7/df17197565e8874f0a77f8211304169ad4f39ffa3e8c008a7b0bf187a238/websockets-10.4-cp39-cp39-macosx_11_0_arm64.whl", hash = "sha256:f5fc088b7a32f244c519a048c170f14cf2251b849ef0e20cbbb0fdf0fdaf556f"},
    {url = "https://files.pythonhosted.org/packages/5a/87/dea889793d2d0958be254fc86dac528d97de9354d16fcdbcbad259750014/websockets-10.4-cp37-cp37m-manylinux_2_5_x86_64.manylinux1_x86_64.manylinux_2_17_x86_64.manylinux2014_x86_64.whl", hash = "sha256:00213676a2e46b6ebf6045bc11d0f529d9120baa6f58d122b4021ad92adabd41"},
    {url = "https://files.pythonhosted.org/packages/5d/3c/fc1725524e48f624df77f5998b1c7070fdddec3ae67a2ffbc99ffd116269/websockets-10.4-cp311-cp311-manylinux_2_17_aarch64.manylinux2014_aarch64.whl", hash = "sha256:f55b5905705725af31ccef50e55391621532cd64fbf0bc6f4bac935f0fccec46"},
    {url = "https://files.pythonhosted.org/packages/60/3a/6dccbe2725d13c398b90cbebeea684cda7792e6d874f96417db900556ad0/websockets-10.4-cp311-cp311-macosx_10_9_universal2.whl", hash = "sha256:47a2964021f2110116cc1125b3e6d87ab5ad16dea161949e7244ec583b905bb4"},
    {url = "https://files.pythonhosted.org/packages/62/76/c2411e634979cc6e812ef2a96aa295545cfcbc9566b298db09f3f4639d62/websockets-10.4-cp39-cp39-musllinux_1_1_i686.whl", hash = "sha256:edc344de4dac1d89300a053ac973299e82d3db56330f3494905643bb68801269"},
    {url = "https://files.pythonhosted.org/packages/63/f2/ec4c59b4f91936eb2a5ddcf2f7e57184acbce5122d5d83911c5a47f25144/websockets-10.4-cp38-cp38-win_amd64.whl", hash = "sha256:48c08473563323f9c9debac781ecf66f94ad5a3680a38fe84dee5388cf5acaf6"},
    {url = "https://files.pythonhosted.org/packages/68/bd/c8bd8354fc629863a2db39c9182d40297f47dfb2ed3e178bc83041ce044b/websockets-10.4-cp310-cp310-macosx_10_9_x86_64.whl", hash = "sha256:bc0b82d728fe21a0d03e65f81980abbbcb13b5387f733a1a870672c5be26edab"},
    {url = "https://files.pythonhosted.org/packages/68/ec/3267f8bbe8a4a5e181ab3fc67cc137f0966ab9e9a4da14ffc603f320b9e6/websockets-10.4-cp311-cp311-manylinux_2_5_i686.manylinux1_i686.manylinux_2_17_i686.manylinux2014_i686.whl", hash = "sha256:00c870522cdb69cd625b93f002961ffb0c095394f06ba8c48f17eef7c1541f96"},
    {url = "https://files.pythonhosted.org/packages/71/93/5a4f408177e43d84274e1c08cbea3e50ad80db654dc25a0bba79dbdc00b4/websockets-10.4-cp38-cp38-manylinux_2_5_i686.manylinux1_i686.manylinux_2_17_i686.manylinux2014_i686.whl", hash = "sha256:4f72e5cd0f18f262f5da20efa9e241699e0cf3a766317a17392550c9ad7b37d8"},
    {url = "https://files.pythonhosted.org/packages/75/18/155c3582fd69b60d9c490fb0e64e37269c55d5873cbcb37f83e2d3feb078/websockets-10.4-pp38-pypy38_pp73-manylinux_2_17_aarch64.manylinux2014_aarch64.whl", hash = "sha256:389f8dbb5c489e305fb113ca1b6bdcdaa130923f77485db5b189de343a179393"},
    {url = "https://files.pythonhosted.org/packages/77/65/d7c73e62cf19f068850ddab548837329dab9c023567f5834747f61cdc747/websockets-10.4-cp38-cp38-manylinux_2_17_aarch64.manylinux2014_aarch64.whl", hash = "sha256:45ec8e75b7dbc9539cbfafa570742fe4f676eb8b0d3694b67dabe2f2ceed8aa6"},
    {url = "https://files.pythonhosted.org/packages/85/dc/549a807a53c13fd4a8dac286f117a7a71260defea9ec0c05d6027f2ae273/websockets-10.4.tar.gz", hash = "sha256:eef610b23933c54d5d921c92578ae5f89813438fded840c2e9809d378dc765d3"},
    {url = "https://files.pythonhosted.org/packages/86/8e/390e0e3db702c55d31ca3999c622bb3b8b480c306c1bdee6a2da44b13b1b/websockets-10.4-cp39-cp39-musllinux_1_1_x86_64.whl", hash = "sha256:84bc2a7d075f32f6ed98652db3a680a17a4edb21ca7f80fe42e38753a58ee02b"},
    {url = "https://files.pythonhosted.org/packages/88/00/9776e2626a30e3455a830665e50cf40f5d34a4134272b3138a637afa38a7/websockets-10.4-cp39-cp39-win_amd64.whl", hash = "sha256:bbccd847aa0c3a69b5f691a84d2341a4f8a629c6922558f2a70611305f902d74"},
    {url = "https://files.pythonhosted.org/packages/88/97/d70e2d528b9ffe759134e5db6b1424b61cd61fd1c4471b178c76e01f41af/websockets-10.4-cp37-cp37m-macosx_10_9_x86_64.whl", hash = "sha256:74de2b894b47f1d21cbd0b37a5e2b2392ad95d17ae983e64727e18eb281fe7cb"},
    {url = "https://files.pythonhosted.org/packages/8a/1e/8f34d7ee924dc7a624c1e14f43209484cb5eccb58e892285d45551729a95/websockets-10.4-cp39-cp39-win32.whl", hash = "sha256:c94ae4faf2d09f7c81847c63843f84fe47bf6253c9d60b20f25edfd30fb12588"},
    {url = "https://files.pythonhosted.org/packages/90/e1/22e43e9a1fbc9ddf4a0317b231e2e28eddfbe8804b7ca4a9f7fba7033b17/websockets-10.4-pp37-pypy37_pp73-manylinux_2_5_i686.manylinux1_i686.manylinux_2_17_i686.manylinux2014_i686.whl", hash = "sha256:942de28af58f352a6f588bc72490ae0f4ccd6dfc2bd3de5945b882a078e4e179"},
    {url = "https://files.pythonhosted.org/packages/93/7b/72134e4c75002e311c072f0665fe45f7321d614c5c65181888faddd616e9/websockets-10.4-cp39-cp39-manylinux_2_17_aarch64.manylinux2014_aarch64.whl", hash = "sha256:2fc8709c00704194213d45e455adc106ff9e87658297f72d544220e32029cd3d"},
    {url = "https://files.pythonhosted.org/packages/a0/92/aa8d1ba3a7e3e6cf6d5d1c929530a40138667ea60454bf5c0fff3b93cae2/websockets-10.4-pp39-pypy39_pp73-manylinux_2_5_i686.manylinux1_i686.manylinux_2_17_i686.manylinux2014_i686.whl", hash = "sha256:c57e4c1349fbe0e446c9fa7b19ed2f8a4417233b6984277cce392819123142d3"},
    {url = "https://files.pythonhosted.org/packages/a1/6f/60e5f6e114b6077683d74da5df0d4af647a9e6d2a18b4698f577b2cb7c14/websockets-10.4-cp310-cp310-win32.whl", hash = "sha256:b029fb2032ae4724d8ae8d4f6b363f2cc39e4c7b12454df8df7f0f563ed3e61a"},
    {url = "https://files.pythonhosted.org/packages/a1/f6/83da14582fbb0496c47a4c039bd6e802886a0c300e9795c0f839fd1498e3/websockets-10.4-cp310-cp310-musllinux_1_1_i686.whl", hash = "sha256:ae5e95cfb53ab1da62185e23b3130e11d64431179debac6dc3c6acf08760e9b1"},
    {url = "https://files.pythonhosted.org/packages/ab/41/ed2fecb228c1f25cea03fce4a22a86f7771a10875d5762e777e943bb7d68/websockets-10.4-cp37-cp37m-win_amd64.whl", hash = "sha256:a9f9a735deaf9a0cadc2d8c50d1a5bcdbae8b6e539c6e08237bc4082d7c13f28"},
    {url = "https://files.pythonhosted.org/packages/b0/fc/a818cddc63589e12d5eff9b51a59aad82e2adf35279493248a3742c41f85/websockets-10.4-cp311-cp311-win32.whl", hash = "sha256:b9968694c5f467bf67ef97ae7ad4d56d14be2751000c1207d31bf3bb8860bae8"},
    {url = "https://files.pythonhosted.org/packages/b1/8f/dbffb63e7da0ada24e9ef8802c439169e0ed9a7ef8f6049874e6cbfc7919/websockets-10.4-cp37-cp37m-manylinux_2_5_i686.manylinux1_i686.manylinux_2_17_i686.manylinux2014_i686.whl", hash = "sha256:b0d15c968ea7a65211e084f523151dbf8ae44634de03c801b8bd070b74e85033"},
    {url = "https://files.pythonhosted.org/packages/b4/91/c460f5164af303b31f58362935f7b8ed1750e3b8fbcb900da4b0661532a8/websockets-10.4-cp38-cp38-musllinux_1_1_x86_64.whl", hash = "sha256:931c039af54fc195fe6ad536fde4b0de04da9d5916e78e55405436348cfb0e56"},
    {url = "https://files.pythonhosted.org/packages/bb/5c/7dc1f604688f43168ef17313055e048c755a29afde821f7e0b19bd3a180f/websockets-10.4-pp39-pypy39_pp73-manylinux_2_17_aarch64.manylinux2014_aarch64.whl", hash = "sha256:d6a4162139374a49eb18ef5b2f4da1dd95c994588f5033d64e0bbfda4b6b6fcf"},
    {url = "https://files.pythonhosted.org/packages/c5/01/145d2883dfeffedf541a7c95bb26f8d8b5ddca84a7c8f671ec3b878ae7cd/websockets-10.4-pp38-pypy38_pp73-manylinux_2_5_i686.manylinux1_i686.manylinux_2_17_i686.manylinux2014_i686.whl", hash = "sha256:09a1814bb15eff7069e51fed0826df0bc0702652b5cb8f87697d469d79c23576"},
    {url = "https://files.pythonhosted.org/packages/c6/41/07f39745017af5381aeb6c1d8c6509aa1861193c948648d4aaf4d0637915/websockets-10.4-pp37-pypy37_pp73-win_amd64.whl", hash = "sha256:3d3cac3e32b2c8414f4f87c1b2ab686fa6284a980ba283617404377cd448f631"},
    {url = "https://files.pythonhosted.org/packages/cc/19/2f003f9f81c0fab2eabb81d8fc2fce5fb5b5714f1b4abfe897cb209e031d/websockets-10.4-cp311-cp311-macosx_11_0_arm64.whl", hash = "sha256:7d3f0b61c45c3fa9a349cf484962c559a8a1d80dae6977276df8fd1fa5e3cb8c"},
    {url = "https://files.pythonhosted.org/packages/d1/60/0a6cb94e25b981e428c1cdcc2b0a406ac6e1dfc78d8a81c8a4ee7510e853/websockets-10.4-cp311-cp311-macosx_10_9_x86_64.whl", hash = "sha256:e789376b52c295c4946403bd0efecf27ab98f05319df4583d3c48e43c7342c2f"},
    {url = "https://files.pythonhosted.org/packages/d1/c6/9489869aa591e6a8941b0af2302f8383e199e90477559a510713d41bfa45/websockets-10.4-cp311-cp311-musllinux_1_1_aarch64.whl", hash = "sha256:f2c38d588887a609191d30e902df2a32711f708abfd85d318ca9b367258cfd0c"},
    {url = "https://files.pythonhosted.org/packages/d4/1a/2e4afd95abd33bd6ad77042270f8eee3697e07cdd749c068bff08bba2022/websockets-10.4-pp37-pypy37_pp73-manylinux_2_17_aarch64.manylinux2014_aarch64.whl", hash = "sha256:d210abe51b5da0ffdbf7b43eed0cfdff8a55a1ab17abbec4301c9ff077dd0342"},
    {url = "https://files.pythonhosted.org/packages/d5/5d/d0b039f0db0bb1fea93437721cf3cd8a244ad02a86960c38a3853d5e1fab/websockets-10.4-cp311-cp311-manylinux_2_5_x86_64.manylinux1_x86_64.manylinux_2_17_x86_64.manylinux2014_x86_64.whl", hash = "sha256:8f38706e0b15d3c20ef6259fd4bc1700cd133b06c3c1bb108ffe3f8947be15fa"},
    {url = "https://files.pythonhosted.org/packages/d6/7c/79ea4e7f56dfe7f703213000bbbd29b70cef2666698d98b66ce1af43caee/websockets-10.4-cp39-cp39-manylinux_2_5_i686.manylinux1_i686.manylinux_2_17_i686.manylinux2014_i686.whl", hash = "sha256:0154f7691e4fe6c2b2bc275b5701e8b158dae92a1ab229e2b940efe11905dff4"},
    {url = "https://files.pythonhosted.org/packages/d7/f9/f64ec37da654351b212e5534b0e31703ed80d2a6acb6b8c1b1373fafa876/websockets-10.4-cp39-cp39-manylinux_2_5_x86_64.manylinux1_x86_64.manylinux_2_17_x86_64.manylinux2014_x86_64.whl", hash = "sha256:4c6d2264f485f0b53adf22697ac11e261ce84805c232ed5dbe6b1bcb84b00ff0"},
    {url = "https://files.pythonhosted.org/packages/da/0b/a501ed176c69b51ca83f4186bad80bba9b59ab354fd8954d7d36cb2ec47f/websockets-10.4-cp37-cp37m-manylinux_2_17_aarch64.manylinux2014_aarch64.whl", hash = "sha256:e3a686ecb4aa0d64ae60c9c9f1a7d5d46cab9bfb5d91a2d303d00e2cd4c4c5cc"},
    {url = "https://files.pythonhosted.org/packages/e0/8d/7bffabd3f10a88cd68080669b33f407471283becf7e5cb4f0143b117211d/websockets-10.4-pp39-pypy39_pp73-macosx_10_9_x86_64.whl", hash = "sha256:932af322458da7e4e35df32f050389e13d3d96b09d274b22a7aa1808f292fee4"},
    {url = "https://files.pythonhosted.org/packages/e6/94/cb97e5a9d019e473a37317a740852850ef09e14c02621dd86a898ec90f7a/websockets-10.4-cp38-cp38-musllinux_1_1_i686.whl", hash = "sha256:884be66c76a444c59f801ac13f40c76f176f1bfa815ef5b8ed44321e74f1600b"},
    {url = "https://files.pythonhosted.org/packages/e9/48/a0751eafbeab06866fc70a66f7dfa08422cb96113af9138e526e7b106f14/websockets-10.4-cp37-cp37m-musllinux_1_1_i686.whl", hash = "sha256:dd500e0a5e11969cdd3320935ca2ff1e936f2358f9c2e61f100a1660933320ea"},
    {url = "https://files.pythonhosted.org/packages/ec/ba/74b4b92cc41ffc4cfa791fb9f8e8ab7c4d9bf84e54a5bef12ab23eb54880/websockets-10.4-pp38-pypy38_pp73-macosx_10_9_x86_64.whl", hash = "sha256:da39dd03d130162deb63da51f6e66ed73032ae62e74aaccc4236e30edccddbb0"},
    {url = "https://files.pythonhosted.org/packages/f8/f0/437187175182beed10246f53ef9793a5f6e087ce71ee25b64fdb12e396e0/websockets-10.4-cp37-cp37m-musllinux_1_1_x86_64.whl", hash = "sha256:4239b6027e3d66a89446908ff3027d2737afc1a375f8fd3eea630a4842ec9a0c"},
    {url = "https://files.pythonhosted.org/packages/f9/15/ab0e9155700d3037ffe4a146a719f3e68ee025c9d45d6a39b027e928db52/websockets-10.4-cp38-cp38-win32.whl", hash = "sha256:db3c336f9eda2532ec0fd8ea49fef7a8df8f6c804cdf4f39e5c5c0d4a4ad9a7a"},
    {url = "https://files.pythonhosted.org/packages/fd/42/07f31d9f9e142b38cde8d3ea0c8ea1bacf9bc366f2f573eca57086e9f2a6/websockets-10.4-pp39-pypy39_pp73-win_amd64.whl", hash = "sha256:05a7233089f8bd355e8cbe127c2e8ca0b4ea55467861906b80d2ebc7db4d6b72"},
]
