# This file is @generated by PDM.
# It is not intended for manual editing.

[[package]]
name = "aioconsole"
version = "0.4.1"
requires_python = ">=3.7"
summary = "Asynchronous console and interfaces for asyncio"

[[package]]
name = "beautifulsoup4"
version = "4.12.2"
requires_python = ">=3.6.0"
summary = "Screen-scraping library"
dependencies = [
    "soupsieve>1.2",
]

[[package]]
name = "certifi"
version = "2021.10.8"
summary = "Python package for providing Mozilla's CA Bundle."

[[package]]
name = "charset-normalizer"
version = "2.0.12"
requires_python = ">=3.5.0"
summary = "The Real First Universal Charset Detector. Open, modern and actively maintained alternative to Chardet."

[[package]]
name = "colorama"
version = "0.4.4"
requires_python = ">=2.7, !=3.0.*, !=3.1.*, !=3.2.*, !=3.3.*, !=3.4.*"
summary = "Cross-platform colored terminal text."

[[package]]
name = "idna"
version = "3.3"
requires_python = ">=3.5"
summary = "Internationalized Domain Names in Applications (IDNA)"

[[package]]
name = "pillow"
version = "10.0.0"
requires_python = ">=3.8"
summary = "Python Imaging Library (Fork)"

[[package]]
name = "python-dotenv"
version = "0.20.0"
requires_python = ">=3.5"
summary = "Read key-value pairs from a .env file and set them as environment variables"

[[package]]
name = "requests"
version = "2.27.1"
requires_python = ">=2.7, !=3.0.*, !=3.1.*, !=3.2.*, !=3.3.*, !=3.4.*, !=3.5.*"
summary = "Python HTTP for Humans."
dependencies = [
    "certifi>=2017.4.17",
    "charset-normalizer~=2.0.0; python_version >= \"3\"",
    "idna<4,>=2.5; python_version >= \"3\"",
    "urllib3<1.27,>=1.21.1",
]

[[package]]
name = "soupsieve"
version = "2.4.1"
requires_python = ">=3.7"
summary = "A modern CSS selector implementation for Beautiful Soup."

[[package]]
name = "urllib3"
version = "1.26.9"
requires_python = ">=2.7, !=3.0.*, !=3.1.*, !=3.2.*, !=3.3.*, !=3.4.*, <4"
summary = "HTTP library with thread-safe connection pooling, file post, and more."

[[package]]
name = "websocket-client"
version = "1.3.3"
requires_python = ">=3.7"
summary = "WebSocket client for Python with low level API options"

[[package]]
name = "websockets"
version = "11.0.3"
requires_python = ">=3.7"
summary = "An implementation of the WebSocket Protocol (RFC 6455 & 7692)"

[metadata]
lock_version = "4.2"
cross_platform = true
groups = ["default"]
content_hash = "sha256:fb479d06efe7efb94deafa5baeba0282c17cecccad1ec1e9f94da31d389020a1"

[metadata.files]
"aioconsole 0.4.1" = [
    {url = "https://files.pythonhosted.org/packages/c5/16/a9de89d859eeaa0f9fdf5675a97ea1416265e1ebc039c7b9ea2c9e5433ac/aioconsole-0.4.1.tar.gz", hash = "sha256:0c0acb66b4e72d6606c9fa14ac9eb001a222c37c885b8fbdf65f41824cfa855f"},
]
"beautifulsoup4 4.12.2" = [
    {url = "https://files.pythonhosted.org/packages/57/f4/a69c20ee4f660081a7dedb1ac57f29be9378e04edfcb90c526b923d4bebc/beautifulsoup4-4.12.2-py3-none-any.whl", hash = "sha256:bd2520ca0d9d7d12694a53d44ac482d181b4ec1888909b035a3dbf40d0f57d4a"},
    {url = "https://files.pythonhosted.org/packages/af/0b/44c39cf3b18a9280950ad63a579ce395dda4c32193ee9da7ff0aed547094/beautifulsoup4-4.12.2.tar.gz", hash = "sha256:492bbc69dca35d12daac71c4db1bfff0c876c00ef4a2ffacce226d4638eb72da"},
]
"certifi 2021.10.8" = [
    {url = "https://files.pythonhosted.org/packages/37/45/946c02767aabb873146011e665728b680884cd8fe70dde973c640e45b775/certifi-2021.10.8-py2.py3-none-any.whl", hash = "sha256:d62a0163eb4c2344ac042ab2bdf75399a71a2d8c7d47eac2e2ee91b9d6339569"},
    {url = "https://files.pythonhosted.org/packages/6c/ae/d26450834f0acc9e3d1f74508da6df1551ceab6c2ce0766a593362d6d57f/certifi-2021.10.8.tar.gz", hash = "sha256:78884e7c1d4b00ce3cea67b44566851c4343c120abd683433ce934a68ea58872"},
]
"charset-normalizer 2.0.12" = [
    {url = "https://files.pythonhosted.org/packages/06/b3/24afc8868eba069a7f03650ac750a778862dc34941a4bebeb58706715726/charset_normalizer-2.0.12-py3-none-any.whl", hash = "sha256:6881edbebdb17b39b4eaaa821b438bf6eddffb4468cf344f09f89def34a8b1df"},
    {url = "https://files.pythonhosted.org/packages/56/31/7bcaf657fafb3c6db8c787a865434290b726653c912085fbd371e9b92e1c/charset-normalizer-2.0.12.tar.gz", hash = "sha256:2857e29ff0d34db842cd7ca3230549d1a697f96ee6d3fb071cfa6c7393832597"},
]
"colorama 0.4.4" = [
    {url = "https://files.pythonhosted.org/packages/1f/bb/5d3246097ab77fa083a61bd8d3d527b7ae063c7d8e8671b1cf8c4ec10cbe/colorama-0.4.4.tar.gz", hash = "sha256:5941b2b48a20143d2267e95b1c2a7603ce057ee39fd88e7329b0c292aa16869b"},
    {url = "https://files.pythonhosted.org/packages/44/98/5b86278fbbf250d239ae0ecb724f8572af1c91f4a11edf4d36a206189440/colorama-0.4.4-py2.py3-none-any.whl", hash = "sha256:9f47eda37229f68eee03b24b9748937c7dc3868f906e8ba69fbcbdd3bc5dc3e2"},
]
"idna 3.3" = [
    {url = "https://files.pythonhosted.org/packages/04/a2/d918dcd22354d8958fe113e1a3630137e0fc8b44859ade3063982eacd2a4/idna-3.3-py3-none-any.whl", hash = "sha256:84d9dd047ffa80596e0f246e2eab0b391788b0503584e8945f2368256d2735ff"},
    {url = "https://files.pythonhosted.org/packages/62/08/e3fc7c8161090f742f504f40b1bccbfc544d4a4e09eb774bf40aafce5436/idna-3.3.tar.gz", hash = "sha256:9d643ff0a55b762d5cdb124b8eaa99c66322e2157b69160bc32796e824360e6d"},
]
"pillow 10.0.0" = [
    {url = "https://files.pythonhosted.org/packages/00/47/b0beca4a69700f28349411b498ec87b8a5ff5c158448a72b4deee1a26506/Pillow-10.0.0-cp38-cp38-musllinux_1_1_x86_64.whl", hash = "sha256:3400aae60685b06bb96f99a21e1ada7bc7a413d5f49bce739828ecd9391bb8f7"},
    {url = "https://files.pythonhosted.org/packages/0f/0b/0f37aac8432fb91e9f7eec96a29afb354f172e593d2d6d8201e544f49b55/Pillow-10.0.0-cp312-cp312-musllinux_1_1_x86_64.whl", hash = "sha256:00e65f5e822decd501e374b0650146063fbb30a7264b4d2744bdd7b913e0cab5"},
    {url = "https://files.pythonhosted.org/packages/0f/8b/2ebaf9adcf4260c00f842154865f8730cf745906aa5dd499141fb6063e26/Pillow-10.0.0.tar.gz", hash = "sha256:9c82b5b3e043c7af0d95792d0d20ccf68f61a1fec6b3530e718b688422727396"},
    {url = "https://files.pythonhosted.org/packages/12/2e/7f20311309d03ccfefc3df6c00524d996d15a18319b46953ac8ee158b5a9/Pillow-10.0.0-pp310-pypy310_pp73-manylinux_2_28_x86_64.whl", hash = "sha256:38250a349b6b390ee6047a62c086d3817ac69022c127f8a5dc058c31ccef17f3"},
    {url = "https://files.pythonhosted.org/packages/12/56/f3d27a918d53c2f19583bb88e69750af445e7ee49bfab969275ffd06efc8/Pillow-10.0.0-cp39-cp39-musllinux_1_1_aarch64.whl", hash = "sha256:608bfdee0d57cf297d32bcbb3c728dc1da0907519d1784962c5f0c68bb93e5a3"},
    {url = "https://files.pythonhosted.org/packages/16/89/818fa238e37a47a29bb8495ca2cafdd514599a89f19ada7916348a74b5f9/Pillow-10.0.0-cp311-cp311-manylinux_2_28_x86_64.whl", hash = "sha256:cd25d2a9d2b36fcb318882481367956d2cf91329f6892fe5d385c346c0649629"},
    {url = "https://files.pythonhosted.org/packages/16/b5/b8e7419e1d746246bca06fd38eb988507b382f3fd2ee5dede2e4154022ad/Pillow-10.0.0-cp39-cp39-macosx_11_0_arm64.whl", hash = "sha256:faaf07ea35355b01a35cb442dd950d8f1bb5b040a7787791a535de13db15ed90"},
    {url = "https://files.pythonhosted.org/packages/23/08/bbd0a562bafe23b4c36d25072c89b8c31815f350a169016ede2644784ed6/Pillow-10.0.0-cp310-cp310-manylinux_2_17_aarch64.manylinux2014_aarch64.whl", hash = "sha256:edf4392b77bdc81f36e92d3a07a5cd072f90253197f4a52a55a8cec48a12483b"},
    {url = "https://files.pythonhosted.org/packages/2c/77/4d990996da3fafdf241f68752b2f267d131d181e0f8b72deb756798095fa/Pillow-10.0.0-pp39-pypy39_pp73-win_amd64.whl", hash = "sha256:efe8c0681042536e0d06c11f48cebe759707c9e9abf880ee213541c5b46c5bf3"},
    {url = "https://files.pythonhosted.org/packages/2e/a4/06f84d3fe7aa9558d2b80d8d4960fe07071a53e8d3ccac8b079905003048/Pillow-10.0.0-cp312-cp312-manylinux_2_17_aarch64.manylinux2014_aarch64.whl", hash = "sha256:81ff539a12457809666fef6624684c008e00ff6bf455b4b89fd00a140eecd640"},
    {url = "https://files.pythonhosted.org/packages/34/87/483c11f67a654d4a10917b080004dc4a02c0cbf62ff7b2f9e7f8f2fd1bba/Pillow-10.0.0-cp38-cp38-manylinux_2_28_aarch64.whl", hash = "sha256:040586f7d37b34547153fa383f7f9aed68b738992380ac911447bb78f2abe530"},
    {url = "https://files.pythonhosted.org/packages/3d/36/e78f09d510354977e10102dd811e928666021d9c451e05df962d56477772/Pillow-10.0.0-cp310-cp310-manylinux_2_28_x86_64.whl", hash = "sha256:a74ba0c356aaa3bb8e3eb79606a87669e7ec6444be352870623025d75a14a2bf"},
    {url = "https://files.pythonhosted.org/packages/40/58/0a62422b3cf188dac72fe6c54b6f3f372ec2e84043eb4f8d2158626992b7/Pillow-10.0.0-cp311-cp311-musllinux_1_1_x86_64.whl", hash = "sha256:d737a602fbd82afd892ca746392401b634e278cb65d55c4b7a8f48e9ef8d008d"},
    {url = "https://files.pythonhosted.org/packages/45/5c/04224bf1a8247d6bbba375248d74668724a5a9879b4c42c23dfadd0c28ae/Pillow-10.0.0-cp311-cp311-manylinux_2_17_aarch64.manylinux2014_aarch64.whl", hash = "sha256:3ed64f9ca2f0a95411e88a4efbd7a29e5ce2cea36072c53dd9d26d9c76f753b3"},
    {url = "https://files.pythonhosted.org/packages/45/de/b07418f00cd78af292ceb4e2855c158ef8477dc1cbcdac3e1f32eb4e53b6/Pillow-10.0.0-cp311-cp311-manylinux_2_17_x86_64.manylinux2014_x86_64.whl", hash = "sha256:0b6eb5502f45a60a3f411c63187db83a3d3107887ad0d036c13ce836f8a36f1d"},
    {url = "https://files.pythonhosted.org/packages/4b/d1/1e84a98368897cacb067c6df81d7100967e2f8178be9ff49f70d22102c1c/Pillow-10.0.0-pp39-pypy39_pp73-manylinux_2_17_x86_64.manylinux2014_x86_64.whl", hash = "sha256:ce7b031a6fc11365970e6a5686d7ba8c63e4c1cf1ea143811acbb524295eabed"},
    {url = "https://files.pythonhosted.org/packages/4d/61/eba2506ce68706ccb7d485cee968e35fa9ee797d77520760acf41a65f281/Pillow-10.0.0-cp312-cp312-musllinux_1_1_aarch64.whl", hash = "sha256:d50b6aec14bc737742ca96e85d6d0a5f9bfbded018264b3b70ff9d8c33485551"},
    {url = "https://files.pythonhosted.org/packages/50/e5/0d484d1ac71b934638f91b7156203ba5bf3eb12f596b616a68a85c123808/Pillow-10.0.0-cp39-cp39-manylinux_2_28_x86_64.whl", hash = "sha256:368ab3dfb5f49e312231b6f27b8820c823652b7cd29cfbd34090565a015e99ba"},
    {url = "https://files.pythonhosted.org/packages/54/2e/04bae205c5bf3ff7e58735b73a1d3943d0e33e0f7ca8637aa30a2acd06d0/Pillow-10.0.0-cp312-cp312-manylinux_2_28_aarch64.whl", hash = "sha256:685ac03cc4ed5ebc15ad5c23bc555d68a87777586d970c2c3e216619a5476223"},
    {url = "https://files.pythonhosted.org/packages/5a/29/aa1678cae507a480a6d75453c1de98940e5eb6bd8f0e8e8347ec29a4dfc0/Pillow-10.0.0-cp38-cp38-macosx_10_10_x86_64.whl", hash = "sha256:349930d6e9c685c089284b013478d6f76e3a534e36ddfa912cde493f235372f3"},
    {url = "https://files.pythonhosted.org/packages/5e/ae/0d98e3707678c96d86aec0fe5002637801892f17281cc123521ab929e8fd/Pillow-10.0.0-cp38-cp38-win_amd64.whl", hash = "sha256:dbc02381779d412145331789b40cc7b11fdf449e5d94f6bc0b080db0a56ea3f0"},
    {url = "https://files.pythonhosted.org/packages/5f/82/39a266a0626d2c0dd4ee341639fe7749268fc871429b90006eeb1583f24b/Pillow-10.0.0-cp312-cp312-manylinux_2_28_x86_64.whl", hash = "sha256:d72e2ecc68a942e8cf9739619b7f408cc7b272b279b56b2c83c6123fcfa5cdff"},
    {url = "https://files.pythonhosted.org/packages/60/34/c90bacb4a72ead5c78e4d8291e0d3bb88cc3def3c76f059e9a8502fc421e/Pillow-10.0.0-cp310-cp310-musllinux_1_1_x86_64.whl", hash = "sha256:22c10cc517668d44b211717fd9775799ccec4124b9a7f7b3635fc5386e584992"},
    {url = "https://files.pythonhosted.org/packages/62/66/6b011b44193fe724f10949ae59ad6e045811f9fdc7ee994687eec44a54c5/Pillow-10.0.0-cp39-cp39-musllinux_1_1_x86_64.whl", hash = "sha256:5c6e3df6bdd396749bafd45314871b3d0af81ff935b2d188385e970052091017"},
    {url = "https://files.pythonhosted.org/packages/66/d4/054e491f0880bf0119ee79cdc03264e01d5732e06c454da8c69b83a7c8f2/Pillow-10.0.0-cp311-cp311-win_amd64.whl", hash = "sha256:3a82c40d706d9aa9734289740ce26460a11aeec2d9c79b7af87bb35f0073c12f"},
    {url = "https://files.pythonhosted.org/packages/6a/33/c278084a811d7a7a17c8dd14cb261248fdd0265263760fb753a5a719241e/Pillow-10.0.0-cp311-cp311-win_arm64.whl", hash = "sha256:bc2ec7c7b5d66b8ec9ce9f720dbb5fa4bace0f545acd34870eff4a369b44bf37"},
    {url = "https://files.pythonhosted.org/packages/6e/4b/350373454133ceef9b14ec804781d9c8e4e10ac112f85c55285140315a67/Pillow-10.0.0-cp38-cp38-musllinux_1_1_aarch64.whl", hash = "sha256:c7cf14a27b0d6adfaebb3ae4153f1e516df54e47e42dcc073d7b3d76111a8d86"},
    {url = "https://files.pythonhosted.org/packages/72/17/6c1e6b0f78d21838844318057b7a939ab8a8d92deeb51d22563202b2db64/Pillow-10.0.0-cp311-cp311-musllinux_1_1_aarch64.whl", hash = "sha256:3b08d4cc24f471b2c8ca24ec060abf4bebc6b144cb89cba638c720546b1cf538"},
    {url = "https://files.pythonhosted.org/packages/73/26/75fd7c1adc40bbdcbebc1adc120388d581e1d98a106257369a9bf8c44865/Pillow-10.0.0-cp310-cp310-macosx_10_10_x86_64.whl", hash = "sha256:1f62406a884ae75fb2f818694469519fb685cc7eaff05d3451a9ebe55c646891"},
    {url = "https://files.pythonhosted.org/packages/77/fc/8af4b17c4681eeba2d6890fbf8d6692af7e5a9b2d343f4d6e81053974dbb/Pillow-10.0.0-pp39-pypy39_pp73-manylinux_2_28_x86_64.whl", hash = "sha256:db24668940f82321e746773a4bc617bfac06ec831e5c88b643f91f122a785684"},
    {url = "https://files.pythonhosted.org/packages/78/b9/e5bc84e6ed714c7f0ec0dfe3f82c050c16126294e3d078fe155f10bd5971/Pillow-10.0.0-pp310-pypy310_pp73-macosx_10_10_x86_64.whl", hash = "sha256:92be919bbc9f7d09f7ae343c38f5bb21c973d2576c1d45600fce4b74bafa7ac0"},
    {url = "https://files.pythonhosted.org/packages/79/53/3a7277ae95bfe86b8b4db0ed1d08c4924aa2dfbfe51b8fe0e310b160a9c6/Pillow-10.0.0-cp311-cp311-manylinux_2_28_aarch64.whl", hash = "sha256:c1fbe7621c167ecaa38ad29643d77a9ce7311583761abf7836e1510c580bf3dd"},
    {url = "https://files.pythonhosted.org/packages/7a/54/f6a14d95cba8ff082c550d836c9e5c23f1641d2ac291c23efe0494219b8c/Pillow-10.0.0-cp311-cp311-macosx_10_10_x86_64.whl", hash = "sha256:9fb218c8a12e51d7ead2a7c9e101a04982237d4855716af2e9499306728fb485"},
    {url = "https://files.pythonhosted.org/packages/7b/c9/08de9a629ce7cdeaea0ddca716e9efcd1844b2650f5b9dd8ec5609e40ffe/Pillow-10.0.0-cp310-cp310-manylinux_2_17_x86_64.manylinux2014_x86_64.whl", hash = "sha256:520f2a520dc040512699f20fa1c363eed506e94248d71f85412b625026f6142c"},
    {url = "https://files.pythonhosted.org/packages/83/c0/aaa4f7f9f0ed854d8b519739392ed17ee1aaaa352fd037646e97634a6bdb/Pillow-10.0.0-cp312-cp312-win_arm64.whl", hash = "sha256:1ce91b6ec08d866b14413d3f0bbdea7e24dfdc8e59f562bb77bc3fe60b6144ca"},
    {url = "https://files.pythonhosted.org/packages/8a/ec/3e874bc51ccebf03f1ca4ea1e177569c0d7b37ee5a16ff497a73ed5800e0/Pillow-10.0.0-cp38-cp38-manylinux_2_17_aarch64.manylinux2014_aarch64.whl", hash = "sha256:b4f69b3700201b80bb82c3a97d5e9254084f6dd5fb5b16fc1a7b974260f89f43"},
    {url = "https://files.pythonhosted.org/packages/8b/b3/d7b6ee16358d829ca482c74a96e2b9079bf33f8d7d37d16f8ebb19ddf5a4/Pillow-10.0.0-cp38-cp38-manylinux_2_17_x86_64.manylinux2014_x86_64.whl", hash = "sha256:3f07ea8d2f827d7d2a49ecf1639ec02d75ffd1b88dcc5b3a61bbb37a8759ad8d"},
    {url = "https://files.pythonhosted.org/packages/8f/b8/1bf1012eee3059d150194d1fab148f553f3df42cf412e4e6656c772afad9/Pillow-10.0.0-cp39-cp39-win_amd64.whl", hash = "sha256:7be600823e4c8631b74e4a0d38384c73f680e6105a7d3c6824fcf226c178c7e6"},
    {url = "https://files.pythonhosted.org/packages/90/d9/abb4c3a02034dc538fb7f6e382108738dcc09f54baf86fc158590f279ff7/Pillow-10.0.0-cp39-cp39-manylinux_2_17_aarch64.manylinux2014_aarch64.whl", hash = "sha256:c9f72a021fbb792ce98306ffb0c348b3c9cb967dce0f12a49aa4c3d3fdefa967"},
    {url = "https://files.pythonhosted.org/packages/9c/e8/59271ada18cec229d4a79475a45a9e64367e54e5d1f488b030af63805960/Pillow-10.0.0-cp312-cp312-macosx_10_10_x86_64.whl", hash = "sha256:d80cf684b541685fccdd84c485b31ce73fc5c9b5d7523bf1394ce134a60c6883"},
    {url = "https://files.pythonhosted.org/packages/a7/55/a71924b9bfb0f5174fd61aca7f5bd4038ebb416addbe0338cefe1ae58c80/Pillow-10.0.0-cp39-cp39-manylinux_2_28_aarch64.whl", hash = "sha256:76edb0a1fa2b4745fb0c99fb9fb98f8b180a1bbceb8be49b087e0b21867e77d3"},
    {url = "https://files.pythonhosted.org/packages/a8/7b/f8ed885d18096930991bbaac729024435e0343a3c81062811cf865205a79/Pillow-10.0.0-cp312-cp312-manylinux_2_17_x86_64.manylinux2014_x86_64.whl", hash = "sha256:ce543ed15570eedbb85df19b0a1a7314a9c8141a36ce089c0a894adbfccb4568"},
    {url = "https://files.pythonhosted.org/packages/a8/df/f52e3621148bb35d06c8f6a113ee949169388a2a3095550314fa6b6809f5/Pillow-10.0.0-pp310-pypy310_pp73-win_amd64.whl", hash = "sha256:88af2003543cc40c80f6fca01411892ec52b11021b3dc22ec3bc9d5afd1c5334"},
    {url = "https://files.pythonhosted.org/packages/ac/0c/7eeab446ab3acfb1ef0150308b663fa6f886d02f1d0fe66e7f67ffd6a844/Pillow-10.0.0-cp310-cp310-manylinux_2_28_aarch64.whl", hash = "sha256:8c11160913e3dd06c8ffdb5f233a4f254cb449f4dfc0f8f4549eda9e542c93d1"},
    {url = "https://files.pythonhosted.org/packages/b7/ad/71982d18fd28ed1f93c31b8648f980ebdbdbcf7d8c9c9b4af59290914ce9/Pillow-10.0.0-cp311-cp311-macosx_11_0_arm64.whl", hash = "sha256:d35e3c8d9b1268cbf5d3670285feb3528f6680420eafe35cccc686b73c1e330f"},
    {url = "https://files.pythonhosted.org/packages/ce/e1/861a5508b9fd82b39c05e4d49c0979a9c8ccab07dae39d0ce72bd5f2299d/Pillow-10.0.0-cp39-cp39-macosx_10_10_x86_64.whl", hash = "sha256:9211e7ad69d7c9401cfc0e23d49b69ca65ddd898976d660a2fa5904e3d7a9baa"},
    {url = "https://files.pythonhosted.org/packages/d0/4f/faebe1180e5e6ad6330c539dda7f6081182157393ba6816a438f759a0e59/Pillow-10.0.0-cp310-cp310-win_amd64.whl", hash = "sha256:dffe31a7f47b603318c609f378ebcd57f1554a3a6a8effbc59c3c69f804296de"},
    {url = "https://files.pythonhosted.org/packages/e7/af/06fa67e8c8c4ead837f6a4025b6605f4cb8ec0fcbff1e4c697712fabf9f9/Pillow-10.0.0-cp312-cp312-win_amd64.whl", hash = "sha256:f31f9fdbfecb042d046f9d91270a0ba28368a723302786c0009ee9b9f1f60199"},
    {url = "https://files.pythonhosted.org/packages/eb/3a/023761d323f51b932ba8aa70bfe9c987f5fa094ffbaba9cd9295b8eee429/Pillow-10.0.0-cp39-cp39-manylinux_2_17_x86_64.manylinux2014_x86_64.whl", hash = "sha256:9f7c16705f44e0504a3a2a14197c1f0b32a95731d251777dcb060aa83022cb2d"},
    {url = "https://files.pythonhosted.org/packages/ec/1c/b97c5fbd67c859ce734c335b8ae33ce5941775cfe33277c9f1f6fdaf00f0/Pillow-10.0.0-pp39-pypy39_pp73-macosx_10_10_x86_64.whl", hash = "sha256:c189af0545965fa8d3b9613cfdb0cd37f9d71349e0f7750e1fd704648d475ed2"},
    {url = "https://files.pythonhosted.org/packages/ef/0f/eea2ed37a53e816c8ed392a031468498687585c8d62ca89deeb687c0e89c/Pillow-10.0.0-pp310-pypy310_pp73-manylinux_2_17_x86_64.manylinux2014_x86_64.whl", hash = "sha256:8f8182b523b2289f7c415f589118228d30ac8c355baa2f3194ced084dac2dbba"},
    {url = "https://files.pythonhosted.org/packages/ef/53/024e161112beb11008d6c7529c954e2ec641ae17b99e03fe9a539e114ae6/Pillow-10.0.0-cp310-cp310-macosx_11_0_arm64.whl", hash = "sha256:d5db32e2a6ccbb3d34d87c87b432959e0db29755727afb37290e10f6e8e62614"},
    {url = "https://files.pythonhosted.org/packages/f0/7f/ff6ce4360dccfacc3af3462cfcd2d7481a1cc8d6aa712927072016dd6755/Pillow-10.0.0-cp312-cp312-macosx_11_0_arm64.whl", hash = "sha256:76de421f9c326da8f43d690110f0e79fe3ad1e54be811545d7d91898b4c8493e"},
    {url = "https://files.pythonhosted.org/packages/f8/31/4cb552d54380f1d55a7c24db1c6fb8bb2370f57fc2fe31e11c1eb5f7e499/Pillow-10.0.0-cp310-cp310-musllinux_1_1_aarch64.whl", hash = "sha256:d5d0dae4cfd56969d23d94dc8e89fb6a217be461c69090768227beb8ed28c0a3"},
    {url = "https://files.pythonhosted.org/packages/fb/f6/f59a7c86f9966b19f20bf42bcb136f2e72352b08c0edec079d9d8087fa36/Pillow-10.0.0-cp38-cp38-macosx_11_0_arm64.whl", hash = "sha256:3a684105f7c32488f7153905a4e3015a3b6c7182e106fe3c37fbb5ef3e6994c3"},
    {url = "https://files.pythonhosted.org/packages/ff/8c/5927a58c43ebc16e508eef325fdc6473b569e2474d3b4be49798aa371007/Pillow-10.0.0-cp38-cp38-manylinux_2_28_x86_64.whl", hash = "sha256:f88a0b92277de8e3ca715a0d79d68dc82807457dae3ab8699c758f07c20b3c51"},
]
"python-dotenv 0.20.0" = [
    {url = "https://files.pythonhosted.org/packages/02/ee/43e1c862a3e7259a1f264958eaea144f0a2fac9f175c1659c674c34ea506/python-dotenv-0.20.0.tar.gz", hash = "sha256:b7e3b04a59693c42c36f9ab1cc2acc46fa5df8c78e178fc33a8d4cd05c8d498f"},
    {url = "https://files.pythonhosted.org/packages/30/5f/2e5c564bd86349fe6b82ca840f46acf6f4bb76d79ba9057fce3d3e008864/python_dotenv-0.20.0-py3-none-any.whl", hash = "sha256:d92a187be61fe482e4fd675b6d52200e7be63a12b724abbf931a40ce4fa92938"},
]
"requests 2.27.1" = [
    {url = "https://files.pythonhosted.org/packages/2d/61/08076519c80041bc0ffa1a8af0cbd3bf3e2b62af10435d269a9d0f40564d/requests-2.27.1-py2.py3-none-any.whl", hash = "sha256:f22fa1e554c9ddfd16e6e41ac79759e17be9e492b3587efa038054674760e72d"},
    {url = "https://files.pythonhosted.org/packages/60/f3/26ff3767f099b73e0efa138a9998da67890793bfa475d8278f84a30fec77/requests-2.27.1.tar.gz", hash = "sha256:68d7c56fd5a8999887728ef304a6d12edc7be74f1cfa47714fc8b414525c9a61"},
]
"soupsieve 2.4.1" = [
    {url = "https://files.pythonhosted.org/packages/47/9e/780779233a615777fbdf75a4dee2af7a345f4bf74b42d4a5f836800b9d91/soupsieve-2.4.1.tar.gz", hash = "sha256:89d12b2d5dfcd2c9e8c22326da9d9aa9cb3dfab0a83a024f05704076ee8d35ea"},
    {url = "https://files.pythonhosted.org/packages/49/37/673d6490efc51ec46d198c75903d99de59baffdd47aea3d071b80a9e4e89/soupsieve-2.4.1-py3-none-any.whl", hash = "sha256:1c1bfee6819544a3447586c889157365a27e10d88cde3ad3da0cf0ddf646feb8"},
]
"urllib3 1.26.9" = [
    {url = "https://files.pythonhosted.org/packages/1b/a5/4eab74853625505725cefdf168f48661b2cd04e7843ab836f3f63abf81da/urllib3-1.26.9.tar.gz", hash = "sha256:aabaf16477806a5e1dd19aa41f8c2b7950dd3c746362d7e3223dbe6de6ac448e"},
    {url = "https://files.pythonhosted.org/packages/ec/03/062e6444ce4baf1eac17a6a0ebfe36bb1ad05e1df0e20b110de59c278498/urllib3-1.26.9-py2.py3-none-any.whl", hash = "sha256:44ece4d53fb1706f667c9bd1c648f5469a2ec925fcf3a776667042d645472c14"},
]
"websocket-client 1.3.3" = [
    {url = "https://files.pythonhosted.org/packages/0e/e7/e705ead133d21de4be752af4b3a0cb1f02514ff45bf165b3955c1ce22077/websocket-client-1.3.3.tar.gz", hash = "sha256:d58c5f284d6a9bf8379dab423259fe8f85b70d5fa5d2916d5791a84594b122b1"},
    {url = "https://files.pythonhosted.org/packages/67/b4/91683d7d5f66393e8877492fe4763304f82dbe308658a8db98f7a9e20baf/websocket_client-1.3.3-py3-none-any.whl", hash = "sha256:5d55652dc1d0b3c734f044337d929aaf83f4f9138816ec680c1aefefb4dc4877"},
]
"websockets 11.0.3" = [
    {url = "https://files.pythonhosted.org/packages/03/28/3a51ffcf51ac45746639f83128908bbb1cd212aa631e42d15a7acebce5cb/websockets-11.0.3-pp37-pypy37_pp73-manylinux_2_5_x86_64.manylinux1_x86_64.manylinux_2_17_x86_64.manylinux2014_x86_64.whl", hash = "sha256:e052b8467dd07d4943936009f46ae5ce7b908ddcac3fda581656b1b19c083d9b"},
    {url = "https://files.pythonhosted.org/packages/0a/84/68b848a373493b58615d6c10e9e8ccbaadfd540f84905421739a807704f8/websockets-11.0.3-cp311-cp311-macosx_10_9_x86_64.whl", hash = "sha256:aa5003845cdd21ac0dc6c9bf661c5beddd01116f6eb9eb3c8e272353d45b3288"},
    {url = "https://files.pythonhosted.org/packages/0f/d8/a997d3546aef9cc995a1126f7d7ade96c0e16c1a0efb9d2d430aee57c925/websockets-11.0.3-cp311-cp311-musllinux_1_1_i686.whl", hash = "sha256:619d9f06372b3a42bc29d0cd0354c9bb9fb39c2cbc1a9c5025b4538738dbffaf"},
    {url = "https://files.pythonhosted.org/packages/14/fc/5cbbf439c925e1e184a0392ec477a30cee2fabc0e63807c1d4b6d570fb52/websockets-11.0.3-cp311-cp311-musllinux_1_1_aarch64.whl", hash = "sha256:b30c6590146e53149f04e85a6e4fcae068df4289e31e4aee1fdf56a0dead8f97"},
    {url = "https://files.pythonhosted.org/packages/16/49/ae616bd221efba84a3d78737b417f704af1ffa36f40dcaba5eb954dd4753/websockets-11.0.3-cp311-cp311-macosx_10_9_universal2.whl", hash = "sha256:e848f46a58b9fcf3d06061d17be388caf70ea5b8cc3466251963c8345e13f7eb"},
    {url = "https://files.pythonhosted.org/packages/19/d3/2ea3f95d83033675144b0848a0ae2e4998b3f763da09ec3df6bce97ea4e6/websockets-11.0.3-cp37-cp37m-win32.whl", hash = "sha256:e590228200fcfc7e9109509e4d9125eace2042fd52b595dd22bbc34bb282307f"},
    {url = "https://files.pythonhosted.org/packages/1b/3d/3dc77699fa4d003f2e810c321592f80f62b81d7b78483509de72ffe581fd/websockets-11.0.3-pp39-pypy39_pp73-macosx_10_9_x86_64.whl", hash = "sha256:0ee68fe502f9031f19d495dae2c268830df2760c0524cbac5d759921ba8c8e82"},
    {url = "https://files.pythonhosted.org/packages/20/62/5c6039c4069912adb27889ddd000403a2de9e0fe6aebe439b4e6b128a6b8/websockets-11.0.3-pp38-pypy38_pp73-macosx_10_9_x86_64.whl", hash = "sha256:e6316827e3e79b7b8e7d8e3b08f4e331af91a48e794d5d8b099928b6f0b85f20"},
    {url = "https://files.pythonhosted.org/packages/25/25/48540419005d07ed2d368a7eafb44ed4f33a2691ae4c210850bf31123c4a/websockets-11.0.3-cp38-cp38-win_amd64.whl", hash = "sha256:03aae4edc0b1c68498f41a6772d80ac7c1e33c06c6ffa2ac1c27a07653e79d6f"},
    {url = "https://files.pythonhosted.org/packages/27/e9/605b0618d0864e9be7c2a78f22bff57aba9cf56b9fccde3205db9023ae22/websockets-11.0.3-pp38-pypy38_pp73-win_amd64.whl", hash = "sha256:92b2065d642bf8c0a82d59e59053dd2fdde64d4ed44efe4870fa816c1232647b"},
    {url = "https://files.pythonhosted.org/packages/30/a5/d641f2a9a4b4079cfddbb0726fc1b914be76a610aaedb45e4760899a4ce1/websockets-11.0.3-cp38-cp38-musllinux_1_1_aarch64.whl", hash = "sha256:bee9fcb41db2a23bed96c6b6ead6489702c12334ea20a297aa095ce6d31370d0"},
    {url = "https://files.pythonhosted.org/packages/32/2c/ab8ea64e9a7d8bf62a7ea7a037fb8d328d8bd46dbfe083787a9d452a148e/websockets-11.0.3-pp39-pypy39_pp73-manylinux_2_5_i686.manylinux1_i686.manylinux_2_17_i686.manylinux2014_i686.whl", hash = "sha256:b67c6f5e5a401fc56394f191f00f9b3811fe843ee93f4a70df3c389d1adf857d"},
    {url = "https://files.pythonhosted.org/packages/36/19/0da435afb26a6c47c0c045a82e414912aa2ac10de5721276a342bd9fdfee/websockets-11.0.3-cp37-cp37m-manylinux_2_5_x86_64.manylinux1_x86_64.manylinux_2_17_x86_64.manylinux2014_x86_64.whl", hash = "sha256:332d126167ddddec94597c2365537baf9ff62dfcc9db4266f263d455f2f031cb"},
    {url = "https://files.pythonhosted.org/packages/38/30/01a10fbf4cc1e7ffa07be9b0401501918fc9433d71fb7da4cfcef3bd26ca/websockets-11.0.3-pp38-pypy38_pp73-manylinux_2_17_aarch64.manylinux2014_aarch64.whl", hash = "sha256:8531fdcad636d82c517b26a448dcfe62f720e1922b33c81ce695d0edb91eb931"},
    {url = "https://files.pythonhosted.org/packages/38/ed/b8b133416536b6816e480594864e5950051db522714623eefc9e5275ec04/websockets-11.0.3-cp37-cp37m-musllinux_1_1_aarch64.whl", hash = "sha256:6505c1b31274723ccaf5f515c1824a4ad2f0d191cec942666b3d0f3aa4cb4007"},
    {url = "https://files.pythonhosted.org/packages/44/a8/66c3a66b70b01a6c55fde486298766177fa11dd0d3a2c1cfc6820f25b4dc/websockets-11.0.3-cp37-cp37m-manylinux_2_17_aarch64.manylinux2014_aarch64.whl", hash = "sha256:2529338a6ff0eb0b50c7be33dc3d0e456381157a31eefc561771ee431134a97f"},
    {url = "https://files.pythonhosted.org/packages/47/96/9d5749106ff57629b54360664ae7eb9afd8302fad1680ead385383e33746/websockets-11.0.3-py3-none-any.whl", hash = "sha256:6681ba9e7f8f3b19440921e99efbb40fc89f26cd71bf539e45d8c8a25c976dc6"},
    {url = "https://files.pythonhosted.org/packages/58/05/2efb520317340ece74bfc4d88e8f011dd71a4e6c263000bfffb71a343685/websockets-11.0.3-cp38-cp38-manylinux_2_5_x86_64.manylinux1_x86_64.manylinux_2_17_x86_64.manylinux2014_x86_64.whl", hash = "sha256:e1a99a7a71631f0efe727c10edfba09ea6bee4166a6f9c19aafb6c0b5917d09c"},
    {url = "https://files.pythonhosted.org/packages/58/0a/7570e15661a0a546c3a1152d95fe8c05480459bab36247f0acbf41f01a41/websockets-11.0.3-cp310-cp310-manylinux_2_5_x86_64.manylinux1_x86_64.manylinux_2_17_x86_64.manylinux2014_x86_64.whl", hash = "sha256:bceab846bac555aff6427d060f2fcfff71042dba6f5fca7dc4f75cac815e57ca"},
    {url = "https://files.pythonhosted.org/packages/58/68/9403771de1b1c21a2e878e4841815af8c9f8893b094654934e2a5ee4dbc8/websockets-11.0.3-cp38-cp38-win32.whl", hash = "sha256:f61bdb1df43dc9c131791fbc2355535f9024b9a04398d3bd0684fc16ab07df74"},
    {url = "https://files.pythonhosted.org/packages/66/89/799f595c67b97a8a17e13d2764e088f631616bd95668aaa4c04b7cada136/websockets-11.0.3-cp39-cp39-manylinux_2_5_i686.manylinux1_i686.manylinux_2_17_i686.manylinux2014_i686.whl", hash = "sha256:df41b9bc27c2c25b486bae7cf42fccdc52ff181c8c387bfd026624a491c2671b"},
    {url = "https://files.pythonhosted.org/packages/6b/ca/65d6986665888494eca4d5435a9741c822022996f0f4200c57ce4b9242f7/websockets-11.0.3-cp311-cp311-manylinux_2_17_aarch64.manylinux2014_aarch64.whl", hash = "sha256:660e2d9068d2bedc0912af508f30bbeb505bbbf9774d98def45f68278cea20d3"},
    {url = "https://files.pythonhosted.org/packages/70/fc/71377f36ef3049f3bc7db7c0f3a7696929d5f836d7a18777131d994192a9/websockets-11.0.3-cp37-cp37m-manylinux_2_5_i686.manylinux1_i686.manylinux_2_17_i686.manylinux2014_i686.whl", hash = "sha256:34fd59a4ac42dff6d4681d8843217137f6bc85ed29722f2f7222bd619d15e95b"},
    {url = "https://files.pythonhosted.org/packages/72/89/0d150939f2e592ed78c071d69237ac1c872462cc62a750c5f592f3d4ab18/websockets-11.0.3-cp39-cp39-musllinux_1_1_x86_64.whl", hash = "sha256:97b52894d948d2f6ea480171a27122d77af14ced35f62e5c892ca2fae9344311"},
    {url = "https://files.pythonhosted.org/packages/78/b2/df5452031b02b857851139806308f2af7c749069e25bfe15f2d559ade6e7/websockets-11.0.3-pp37-pypy37_pp73-manylinux_2_5_i686.manylinux1_i686.manylinux_2_17_i686.manylinux2014_i686.whl", hash = "sha256:0ac56b661e60edd453585f4bd68eb6a29ae25b5184fd5ba51e97652580458998"},
    {url = "https://files.pythonhosted.org/packages/82/3c/00f051abcf88aec5e952a8840076749b0b26a30c219dcae8ba70200998aa/websockets-11.0.3-cp310-cp310-musllinux_1_1_x86_64.whl", hash = "sha256:86d2a77fd490ae3ff6fae1c6ceaecad063d3cc2320b44377efdde79880e11526"},
    {url = "https://files.pythonhosted.org/packages/89/8f/707a05d5725f956c78d252a5fd73b89fa3ac57dd3959381c2d1acb41cb13/websockets-11.0.3-cp311-cp311-musllinux_1_1_x86_64.whl", hash = "sha256:01f5567d9cf6f502d655151645d4e8b72b453413d3819d2b6f1185abc23e82dd"},
    {url = "https://files.pythonhosted.org/packages/8a/77/a04d2911f6e2b9e781ce7ffc1e8516b54b85f985369eec8c853fd619d8e8/websockets-11.0.3-cp39-cp39-musllinux_1_1_i686.whl", hash = "sha256:69269f3a0b472e91125b503d3c0b3566bda26da0a3261c49f0027eb6075086d1"},
    {url = "https://files.pythonhosted.org/packages/8a/bd/a5e5973899d78d44a540f50a9e30b01c6771e8bf7883204ee762060cf95a/websockets-11.0.3-cp38-cp38-macosx_11_0_arm64.whl", hash = "sha256:4841ed00f1026dfbced6fca7d963c4e7043aa832648671b5138008dc5a8f6d99"},
    {url = "https://files.pythonhosted.org/packages/8b/97/34178f5f7c29e679372d597cebfeff2aa45991d741d938117d4616e81a74/websockets-11.0.3-pp39-pypy39_pp73-manylinux_2_5_x86_64.manylinux1_x86_64.manylinux_2_17_x86_64.manylinux2014_x86_64.whl", hash = "sha256:1d5023a4b6a5b183dc838808087033ec5df77580485fc533e7dab2567851b0a4"},
    {url = "https://files.pythonhosted.org/packages/8c/a8/e81533499f84ef6cdd95d11d5b05fa827c0f097925afd86f16e6a2631d8e/websockets-11.0.3-cp311-cp311-macosx_11_0_arm64.whl", hash = "sha256:b58cbf0697721120866820b89f93659abc31c1e876bf20d0b3d03cef14faf84d"},
    {url = "https://files.pythonhosted.org/packages/8f/7b/4d4ecd29be7d08486e38f987a6603c491296d1e33fe55127d79aebb0333e/websockets-11.0.3-cp310-cp310-win32.whl", hash = "sha256:2d903ad4419f5b472de90cd2d40384573b25da71e33519a67797de17ef849b69"},
    {url = "https://files.pythonhosted.org/packages/8f/f2/8a3eb016be19743c7eb9e67c855df0fdfa5912534ffaf83a05b62667d761/websockets-11.0.3-cp39-cp39-macosx_10_9_x86_64.whl", hash = "sha256:8c82f11964f010053e13daafdc7154ce7385ecc538989a354ccc7067fd7028fd"},
    {url = "https://files.pythonhosted.org/packages/94/8c/266155c14b7a26deca6fa4c4d5fd15b0ab32725d78a2acfcf6b24943585d/websockets-11.0.3-cp37-cp37m-win_amd64.whl", hash = "sha256:b16fff62b45eccb9c7abb18e60e7e446998093cdcb50fed33134b9b6878836de"},
    {url = "https://files.pythonhosted.org/packages/98/a7/0ed69892981351e5acf88fac0ff4c801fabca2c3bdef9fca4c7d3fde8c53/websockets-11.0.3-cp310-cp310-win_amd64.whl", hash = "sha256:1d2256283fa4b7f4c7d7d3e84dc2ece74d341bce57d5b9bf385df109c2a1a82f"},
    {url = "https://files.pythonhosted.org/packages/99/23/43071c989c0f87f612e7bccee98d00b04bddd3aca0cdc1ffaf31f6f8a4b4/websockets-11.0.3-pp38-pypy38_pp73-manylinux_2_5_i686.manylinux1_i686.manylinux_2_17_i686.manylinux2014_i686.whl", hash = "sha256:c114e8da9b475739dde229fd3bc6b05a6537a88a578358bc8eb29b4030fac9c9"},
    {url = "https://files.pythonhosted.org/packages/9a/6e/0fd7274042f46acb589161407f4b505b44c68d369437ce919bae1fa9b8c4/websockets-11.0.3-cp39-cp39-win32.whl", hash = "sha256:c7f3cb904cce8e1be667c7e6fef4516b98d1a6a0635a58a57528d577ac18a128"},
    {url = "https://files.pythonhosted.org/packages/a0/1a/3da73e69ebc00649d11ed836541c92c1a2df0b8a8aa641a2c8746e7c2b9c/websockets-11.0.3-cp39-cp39-macosx_11_0_arm64.whl", hash = "sha256:3580dd9c1ad0701169e4d6fc41e878ffe05e6bdcaf3c412f9d559389d0c9e016"},
    {url = "https://files.pythonhosted.org/packages/a0/39/acc3d4b15c5207ef7cca823c37eca8c74e3e1a1a63a397798986be3bdef7/websockets-11.0.3-cp38-cp38-manylinux_2_5_i686.manylinux1_i686.manylinux_2_17_i686.manylinux2014_i686.whl", hash = "sha256:68b977f21ce443d6d378dbd5ca38621755f2063d6fdb3335bda981d552cfff86"},
    {url = "https://files.pythonhosted.org/packages/a6/1b/5c83c40f8d3efaf0bb2fdf05af94fb920f74842b7aaf31d7598e3ee44d58/websockets-11.0.3-pp39-pypy39_pp73-manylinux_2_17_aarch64.manylinux2014_aarch64.whl", hash = "sha256:dcacf2c7a6c3a84e720d1bb2b543c675bf6c40e460300b628bab1b1efc7c034c"},
    {url = "https://files.pythonhosted.org/packages/a6/9c/2356ecb952fd3992b73f7a897d65e57d784a69b94bb8d8fd5f97531e5c02/websockets-11.0.3-cp39-cp39-manylinux_2_5_x86_64.manylinux1_x86_64.manylinux_2_17_x86_64.manylinux2014_x86_64.whl", hash = "sha256:279e5de4671e79a9ac877427f4ac4ce93751b8823f276b681d04b2156713b9dd"},
    {url = "https://files.pythonhosted.org/packages/a7/8c/7100e9cf310fe1d83d1ae1322203f4eb2b767a7c2b301c1e70db6270306f/websockets-11.0.3-pp37-pypy37_pp73-manylinux_2_17_aarch64.manylinux2014_aarch64.whl", hash = "sha256:de36fe9c02995c7e6ae6efe2e205816f5f00c22fd1fbf343d4d18c3d5ceac2f5"},
    {url = "https://files.pythonhosted.org/packages/a7/f7/1e852351e8073c32885172a6bef64c95d14c13ff3634b01d4a1086321491/websockets-11.0.3-cp37-cp37m-musllinux_1_1_x86_64.whl", hash = "sha256:9d9acd80072abcc98bd2c86c3c9cd4ac2347b5a5a0cae7ed5c0ee5675f86d9af"},
    {url = "https://files.pythonhosted.org/packages/a9/5e/b25c60067d700e811dccb4e3c318eeadd3a19d8b3620de9f97434af777a7/websockets-11.0.3-cp311-cp311-manylinux_2_5_x86_64.manylinux1_x86_64.manylinux_2_17_x86_64.manylinux2014_x86_64.whl", hash = "sha256:def07915168ac8f7853812cc593c71185a16216e9e4fa886358a17ed0fd9fcf6"},
    {url = "https://files.pythonhosted.org/packages/b2/ec/56bdd12d847e4fc2d0a7ba2d7f1476f79cda50599d11ffb6080b86f21ef1/websockets-11.0.3-cp310-cp310-manylinux_2_17_aarch64.manylinux2014_aarch64.whl", hash = "sha256:ffd7dcaf744f25f82190856bc26ed81721508fc5cbf2a330751e135ff1283564"},
    {url = "https://files.pythonhosted.org/packages/b5/94/ac47552208583d5dbcce468430c1eb2ae18962f6b3a694a2b7727cc60d4a/websockets-11.0.3-cp311-cp311-win32.whl", hash = "sha256:e1459677e5d12be8bbc7584c35b992eea142911a6236a3278b9b5ce3326f282c"},
    {url = "https://files.pythonhosted.org/packages/b5/a8/8900184ab0b06b6e620ba7e92cf2faa5caa9ba86e148541b8fff1c7b6646/websockets-11.0.3-cp37-cp37m-macosx_10_9_x86_64.whl", hash = "sha256:9f59a3c656fef341a99e3d63189852be7084c0e54b75734cde571182c087b152"},
    {url = "https://files.pythonhosted.org/packages/b6/96/0d586c25d043aeab9457dad8e407251e3baf314d871215f91847e7b995c4/websockets-11.0.3-pp38-pypy38_pp73-manylinux_2_5_x86_64.manylinux1_x86_64.manylinux_2_17_x86_64.manylinux2014_x86_64.whl", hash = "sha256:e063b1865974611313a3849d43f2c3f5368093691349cf3c7c8f8f75ad7cb280"},
    {url = "https://files.pythonhosted.org/packages/b9/6b/26b28115b46e23e74ede76d95792eedfe8c58b21f4daabfff1e9f159c8fe/websockets-11.0.3-cp310-cp310-macosx_10_9_x86_64.whl", hash = "sha256:d67ac60a307f760c6e65dad586f556dde58e683fab03323221a4e530ead6f74d"},
    {url = "https://files.pythonhosted.org/packages/ba/6c/5c0322b2875e8395e6bf0eff11f43f3e25da7ef5b12f4d908cd3a19ea841/websockets-11.0.3-cp310-cp310-musllinux_1_1_aarch64.whl", hash = "sha256:54c6e5b3d3a8936a4ab6870d46bdd6ec500ad62bde9e44462c32d18f1e9a8e54"},
    {url = "https://files.pythonhosted.org/packages/c0/21/cb9dfbbea8dc0ad89ced52630e7e61edb425fb9fdc6002f8d0c5dd26b94b/websockets-11.0.3-cp39-cp39-macosx_10_9_universal2.whl", hash = "sha256:777354ee16f02f643a4c7f2b3eff8027a33c9861edc691a2003531f5da4f6bc8"},
    {url = "https://files.pythonhosted.org/packages/c0/a8/a8a582ebeeecc8b5f332997d44c57e241748f8a9856e06a38a5a13b30796/websockets-11.0.3-cp311-cp311-manylinux_2_5_i686.manylinux1_i686.manylinux_2_17_i686.manylinux2014_i686.whl", hash = "sha256:c1f0524f203e3bd35149f12157438f406eff2e4fb30f71221c8a5eceb3617b6b"},
    {url = "https://files.pythonhosted.org/packages/c4/5b/60eccd7e9703bbe93fc4167d1e7ada7e8e8e51544122198d63fd8e3460b7/websockets-11.0.3-cp38-cp38-macosx_10_9_universal2.whl", hash = "sha256:fb06eea71a00a7af0ae6aefbb932fb8a7df3cb390cc217d51a9ad7343de1b8d0"},
    {url = "https://files.pythonhosted.org/packages/c4/f5/15998b164c183af0513bba744b51ecb08d396ff86c0db3b55d62624d1f15/websockets-11.0.3-cp39-cp39-musllinux_1_1_aarch64.whl", hash = "sha256:1fdf26fa8a6a592f8f9235285b8affa72748dc12e964a5518c6c5e8f916716f7"},
    {url = "https://files.pythonhosted.org/packages/c6/91/f36454b87edf10a95be9c7212d2dcb8c606ddbf7a183afdc498933acdd19/websockets-11.0.3-cp38-cp38-musllinux_1_1_x86_64.whl", hash = "sha256:1553cb82942b2a74dd9b15a018dce645d4e68674de2ca31ff13ebc2d9f283788"},
    {url = "https://files.pythonhosted.org/packages/c9/fb/ae5ed4be3514287cf8f6c348c87e1392a6e3f4d6eadae75c18847a2f84b6/websockets-11.0.3-cp310-cp310-manylinux_2_5_i686.manylinux1_i686.manylinux_2_17_i686.manylinux2014_i686.whl", hash = "sha256:7622a89d696fc87af8e8d280d9b421db5133ef5b29d3f7a1ce9f1a7bf7fcfa11"},
    {url = "https://files.pythonhosted.org/packages/ca/20/25211be61d50189650fb0ec6084b6d6339f5c7c6436a6c217608dcb553e4/websockets-11.0.3-cp38-cp38-musllinux_1_1_i686.whl", hash = "sha256:4b253869ea05a5a073ebfdcb5cb3b0266a57c3764cf6fe114e4cd90f4bfa5f5e"},
    {url = "https://files.pythonhosted.org/packages/d1/ec/7e2b9bebc2e9b4a48404144106bbc6a7ace781feeb0e6a3829551e725fa5/websockets-11.0.3-cp38-cp38-macosx_10_9_x86_64.whl", hash = "sha256:8a34e13a62a59c871064dfd8ffb150867e54291e46d4a7cf11d02c94a5275bae"},
    {url = "https://files.pythonhosted.org/packages/d8/3b/2ed38e52eed4cf277f9df5f0463a99199a04d9e29c9e227cfafa57bd3993/websockets-11.0.3.tar.gz", hash = "sha256:88fc51d9a26b10fc331be344f1781224a375b78488fc343620184e95a4b27016"},
    {url = "https://files.pythonhosted.org/packages/d9/36/5741e62ccf629c8e38cc20f930491f8a33ce7dba972cae93dba3d6f02552/websockets-11.0.3-cp39-cp39-manylinux_2_17_aarch64.manylinux2014_aarch64.whl", hash = "sha256:6f1a3f10f836fab6ca6efa97bb952300b20ae56b409414ca85bff2ad241d2a61"},
    {url = "https://files.pythonhosted.org/packages/de/0e/d7274e4d41d7b34f204744c27a23707be2ecefaf6f7df2145655f086ecd7/websockets-11.0.3-cp310-cp310-musllinux_1_1_i686.whl", hash = "sha256:41f696ba95cd92dc047e46b41b26dd24518384749ed0d99bea0a941ca87404c4"},
    {url = "https://files.pythonhosted.org/packages/e1/76/88640f8aeac7eb0d058b913e7bb72682f8d569db44c7d30e576ec4777ce1/websockets-11.0.3-cp310-cp310-macosx_10_9_universal2.whl", hash = "sha256:3ccc8a0c387629aec40f2fc9fdcb4b9d5431954f934da3eaf16cdc94f67dbfac"},
    {url = "https://files.pythonhosted.org/packages/e1/7c/0ad6e7ef0a054d73092f616d20d3d9bd3e1b837554cb20a52d8dd9f5b049/websockets-11.0.3-cp311-cp311-win_amd64.whl", hash = "sha256:e7837cb169eca3b3ae94cc5787c4fed99eef74c0ab9506756eea335e0d6f3ed8"},
    {url = "https://files.pythonhosted.org/packages/e2/2f/3ad8ac4a9dc9d685e098e534180a36ed68fe2e85e82e225e00daec86bb94/websockets-11.0.3-pp37-pypy37_pp73-macosx_10_9_x86_64.whl", hash = "sha256:f2e58f2c36cc52d41f2659e4c0cbf7353e28c8c9e63e30d8c6d3494dc9fdedcf"},
    {url = "https://files.pythonhosted.org/packages/e9/26/1dfaa81788f61c485b4d65f1b28a19615e39f9c45100dce5e2cbf5ad1352/websockets-11.0.3-cp37-cp37m-musllinux_1_1_i686.whl", hash = "sha256:f467ba0050b7de85016b43f5a22b46383ef004c4f672148a8abf32bc999a87f0"},
    {url = "https://files.pythonhosted.org/packages/eb/fb/2af7fc3ce2c3f1378d48a15802b4ff2caf6c0dfac13291e73c557caf04f7/websockets-11.0.3-pp37-pypy37_pp73-win_amd64.whl", hash = "sha256:42cc5452a54a8e46a032521d7365da775823e21bfba2895fb7b77633cce031bb"},
    {url = "https://files.pythonhosted.org/packages/ec/3f/0c5cae14e9e86401105833383405787ae4caddd476a8fc5561259253dab7/websockets-11.0.3-cp38-cp38-manylinux_2_17_aarch64.manylinux2014_aarch64.whl", hash = "sha256:1a073fc9ab1c8aff37c99f11f1641e16da517770e31a37265d2755282a5d28aa"},
    {url = "https://files.pythonhosted.org/packages/ed/45/466944e00b324ae3a1fddb305b4abf641f582e131548f07bcd970971b154/websockets-11.0.3-pp39-pypy39_pp73-win_amd64.whl", hash = "sha256:ed058398f55163a79bb9f06a90ef9ccc063b204bb346c4de78efc5d15abfe602"},
    {url = "https://files.pythonhosted.org/packages/f3/82/2d1f3395d47fab65fa8b801e2251b324300ed8db54753b6fb7919cef0c11/websockets-11.0.3-cp310-cp310-macosx_11_0_arm64.whl", hash = "sha256:84d27a4832cc1a0ee07cdcf2b0629a8a72db73f4cf6de6f0904f6661227f256f"},
    {url = "https://files.pythonhosted.org/packages/f4/3f/65dfa50084a06ab0a05f3ca74195c2c17a1c075b8361327d831ccce0a483/websockets-11.0.3-cp39-cp39-win_amd64.whl", hash = "sha256:c792ea4eabc0159535608fc5658a74d1a81020eb35195dd63214dcf07556f67e"},
]
